// !$*UTF8*$!
{
	archiveVersion = 1;
	classes = {
	};
	objectVersion = 56;
	objects = {

/* Begin PBXBuildFile section */
		EE0E1FB129473B10003CD7D5 /* Assets.xcassets in Resources */ = {isa = PBXBuildFile; fileRef = EE0E1FAC29473B10003CD7D5 /* Assets.xcassets */; };
		EE0E1FB229473B10003CD7D5 /* SteradianBold.otf in Resources */ = {isa = PBXBuildFile; fileRef = EE0E1FAE29473B10003CD7D5 /* SteradianBold.otf */; };
		EE0E1FB329473B10003CD7D5 /* SteradianMedium.otf in Resources */ = {isa = PBXBuildFile; fileRef = EE0E1FAF29473B10003CD7D5 /* SteradianMedium.otf */; };
		EE0E1FB429473B10003CD7D5 /* SteradianRegular.otf in Resources */ = {isa = PBXBuildFile; fileRef = EE0E1FB029473B10003CD7D5 /* SteradianRegular.otf */; };
		EE2D40972ACC470100CF9446 /* CredentialDetailViewModel.swift in Sources */ = {isa = PBXBuildFile; fileRef = EE2D40962ACC470100CF9446 /* CredentialDetailViewModel.swift */; };
		EE3813502938D5B100A3A710 /* Apollo in Frameworks */ = {isa = PBXBuildFile; productRef = EE38134F2938D5B100A3A710 /* Apollo */; };
		EE3813522938D5B100A3A710 /* Authenticate in Frameworks */ = {isa = PBXBuildFile; productRef = EE3813512938D5B100A3A710 /* Authenticate */; };
		EE3813542938D5B100A3A710 /* Builders in Frameworks */ = {isa = PBXBuildFile; productRef = EE3813532938D5B100A3A710 /* Builders */; };
		EE3813562938D5B100A3A710 /* Castor in Frameworks */ = {isa = PBXBuildFile; productRef = EE3813552938D5B100A3A710 /* Castor */; };
		EE3813582938D5B100A3A710 /* Domain in Frameworks */ = {isa = PBXBuildFile; productRef = EE3813572938D5B100A3A710 /* Domain */; };
		EE38135A2938D5B100A3A710 /* Mercury in Frameworks */ = {isa = PBXBuildFile; productRef = EE3813592938D5B100A3A710 /* Mercury */; };
		EE38135C2938D5B100A3A710 /* Pluto in Frameworks */ = {isa = PBXBuildFile; productRef = EE38135B2938D5B100A3A710 /* Pluto */; };
		EE38135E2938D5B100A3A710 /* Pollux in Frameworks */ = {isa = PBXBuildFile; productRef = EE38135D2938D5B100A3A710 /* Pollux */; };
		EE418AEC2BCFD926008766A6 /* PresentationDetailViewState.swift in Sources */ = {isa = PBXBuildFile; fileRef = EE418ADD2BCFD925008766A6 /* PresentationDetailViewState.swift */; };
		EE418AED2BCFD926008766A6 /* PresentationDetailViewModel.swift in Sources */ = {isa = PBXBuildFile; fileRef = EE418ADE2BCFD925008766A6 /* PresentationDetailViewModel.swift */; };
		EE418AEE2BCFD926008766A6 /* PresentationDetailView.swift in Sources */ = {isa = PBXBuildFile; fileRef = EE418ADF2BCFD925008766A6 /* PresentationDetailView.swift */; };
		EE418AEF2BCFD926008766A6 /* PresentationsView.swift in Sources */ = {isa = PBXBuildFile; fileRef = EE418AE12BCFD925008766A6 /* PresentationsView.swift */; };
		EE418AF02BCFD926008766A6 /* PresentationsViewModel.swift in Sources */ = {isa = PBXBuildFile; fileRef = EE418AE22BCFD925008766A6 /* PresentationsViewModel.swift */; };
		EE418AF12BCFD926008766A6 /* PresentationsRouter.swift in Sources */ = {isa = PBXBuildFile; fileRef = EE418AE32BCFD925008766A6 /* PresentationsRouter.swift */; };
		EE418AF22BCFD926008766A6 /* PresentationsViewState.swift in Sources */ = {isa = PBXBuildFile; fileRef = EE418AE42BCFD925008766A6 /* PresentationsViewState.swift */; };
		EE418AF32BCFD926008766A6 /* MainVerifierRouter.swift in Sources */ = {isa = PBXBuildFile; fileRef = EE418AE62BCFD925008766A6 /* MainVerifierRouter.swift */; };
		EE418AF42BCFD926008766A6 /* MainVerifierView.swift in Sources */ = {isa = PBXBuildFile; fileRef = EE418AE72BCFD925008766A6 /* MainVerifierView.swift */; };
		EE418AF52BCFD926008766A6 /* CreatePresentationViewState.swift in Sources */ = {isa = PBXBuildFile; fileRef = EE418AE92BCFD925008766A6 /* CreatePresentationViewState.swift */; };
		EE418AF62BCFD926008766A6 /* CreatePresentationViewModel.swift in Sources */ = {isa = PBXBuildFile; fileRef = EE418AEA2BCFD925008766A6 /* CreatePresentationViewModel.swift */; };
		EE418AF72BCFD926008766A6 /* CreatePresentationView.swift in Sources */ = {isa = PBXBuildFile; fileRef = EE418AEB2BCFD925008766A6 /* CreatePresentationView.swift */; };
		EE549F472ACC1F5E0038ED1D /* CredentialDetailView.swift in Sources */ = {isa = PBXBuildFile; fileRef = EE549F462ACC1F5E0038ED1D /* CredentialDetailView.swift */; };
		EE549F492ACC1F7D0038ED1D /* CredentialDetailViewState.swift in Sources */ = {isa = PBXBuildFile; fileRef = EE549F482ACC1F7D0038ED1D /* CredentialDetailViewState.swift */; };
		EE566EDF2C9C4708004C4051 /* DeepLinkWebView.swift in Sources */ = {isa = PBXBuildFile; fileRef = EE566EDE2C9C4708004C4051 /* DeepLinkWebView.swift */; };
		EE6C38DC294626E1006CD2D3 /* String+extensions.swift in Sources */ = {isa = PBXBuildFile; fileRef = EE6C38DB294626E1006CD2D3 /* String+extensions.swift */; };
		EE6C38E3294627B2006CD2D3 /* Localizable.strings in Resources */ = {isa = PBXBuildFile; fileRef = EE6C38E2294627B2006CD2D3 /* Localizable.strings */; };
		EE6C38E529462822006CD2D3 /* Localizable.stringsdict in Resources */ = {isa = PBXBuildFile; fileRef = EE6C38E429462822006CD2D3 /* Localizable.stringsdict */; };
		EE6C38F029468196006CD2D3 /* DIContainer.swift in Sources */ = {isa = PBXBuildFile; fileRef = EE6C38EF29468196006CD2D3 /* DIContainer.swift */; };
		EE6C39012946827B006CD2D3 /* ComponentContainer.swift in Sources */ = {isa = PBXBuildFile; fileRef = EE6C39002946827B006CD2D3 /* ComponentContainer.swift */; };
		EE6C390329468288006CD2D3 /* Builder.swift in Sources */ = {isa = PBXBuildFile; fileRef = EE6C390229468288006CD2D3 /* Builder.swift */; };
		EE6C7F4B29C2357A00D866AD /* MediatorPageStateView.swift in Sources */ = {isa = PBXBuildFile; fileRef = EE6C7F4A29C2357A00D866AD /* MediatorPageStateView.swift */; };
		EE6C7F4D29C2367400D866AD /* MediatorPageViewModel.swift in Sources */ = {isa = PBXBuildFile; fileRef = EE6C7F4C29C2367400D866AD /* MediatorPageViewModel.swift */; };
		EE6C7F5129C23A3400D866AD /* MediatorPageView.swift in Sources */ = {isa = PBXBuildFile; fileRef = EE6C7F5029C23A3400D866AD /* MediatorPageView.swift */; };
		EE6C7F5429C2754500D866AD /* DIDListView.swift in Sources */ = {isa = PBXBuildFile; fileRef = EE6C7F5329C2754500D866AD /* DIDListView.swift */; };
		EE6C7F5629C2758100D866AD /* DIDListViewState.swift in Sources */ = {isa = PBXBuildFile; fileRef = EE6C7F5529C2758100D866AD /* DIDListViewState.swift */; };
		EE6C7F5829C275C400D866AD /* DIDListViewModel.swift in Sources */ = {isa = PBXBuildFile; fileRef = EE6C7F5729C275C400D866AD /* DIDListViewModel.swift */; };
		EE6FE6D22BFE0691001673F3 /* MockAnoncredsIssuer.swift in Sources */ = {isa = PBXBuildFile; fileRef = EE6FE6D12BFE0691001673F3 /* MockAnoncredsIssuer.swift */; };
		EE75147C29C3766800FFFAA4 /* DIDDetailViewModel.swift in Sources */ = {isa = PBXBuildFile; fileRef = EE75147B29C3766800FFFAA4 /* DIDDetailViewModel.swift */; };
		EE75147E29C376E700FFFAA4 /* DIDDetailView.swift in Sources */ = {isa = PBXBuildFile; fileRef = EE75147D29C376E700FFFAA4 /* DIDDetailView.swift */; };
		EE75148029C378DB00FFFAA4 /* DIDDetailViewState.swift in Sources */ = {isa = PBXBuildFile; fileRef = EE75147F29C378DB00FFFAA4 /* DIDDetailViewState.swift */; };
		EE75A2F729479488007D4405 /* FancyToast.swift in Sources */ = {isa = PBXBuildFile; fileRef = EE75A2F629479488007D4405 /* FancyToast.swift */; };
		EE75A2F9294794F9007D4405 /* FancyToastModifier.swift in Sources */ = {isa = PBXBuildFile; fileRef = EE75A2F8294794F8007D4405 /* FancyToastModifier.swift */; };
		EE8F37492B87498700EC0638 /* RequestDetailView.swift in Sources */ = {isa = PBXBuildFile; fileRef = EE8F37482B87498700EC0638 /* RequestDetailView.swift */; };
		EE8F374B2B87499400EC0638 /* RequestDetailViewState.swift in Sources */ = {isa = PBXBuildFile; fileRef = EE8F374A2B87499400EC0638 /* RequestDetailViewState.swift */; };
		EE8F374D2B8749A400EC0638 /* RequestDetailViewModel.swift in Sources */ = {isa = PBXBuildFile; fileRef = EE8F374C2B8749A400EC0638 /* RequestDetailViewModel.swift */; };
		EE8F374F2B8749AF00EC0638 /* RequestDetailRouter.swift in Sources */ = {isa = PBXBuildFile; fileRef = EE8F374E2B8749AF00EC0638 /* RequestDetailRouter.swift */; };
		EE8F37522B87739D00EC0638 /* SettingsView.swift in Sources */ = {isa = PBXBuildFile; fileRef = EE8F37512B87739D00EC0638 /* SettingsView.swift */; };
		EE8F37562B8773F100EC0638 /* SettingsViewState.swift in Sources */ = {isa = PBXBuildFile; fileRef = EE8F37552B8773F100EC0638 /* SettingsViewState.swift */; };
		EE8F37582B87743D00EC0638 /* SettingsViewRouter.swift in Sources */ = {isa = PBXBuildFile; fileRef = EE8F37572B87743D00EC0638 /* SettingsViewRouter.swift */; };
		EE92C3CE2B7E1C0D00FC0B6E /* QRCodeScannerView.swift in Sources */ = {isa = PBXBuildFile; fileRef = EE92C3C72B7E1C0D00FC0B6E /* QRCodeScannerView.swift */; };
		EE92C3CF2B7E1C0D00FC0B6E /* QRScannerView.swift in Sources */ = {isa = PBXBuildFile; fileRef = EE92C3C92B7E1C0D00FC0B6E /* QRScannerView.swift */; };
		EE92C3D02B7E1C0D00FC0B6E /* CameraViewController.swift in Sources */ = {isa = PBXBuildFile; fileRef = EE92C3CA2B7E1C0D00FC0B6E /* CameraViewController.swift */; };
		EE92C3D12B7E1C0D00FC0B6E /* QRCodeScannerBuilder.swift in Sources */ = {isa = PBXBuildFile; fileRef = EE92C3CB2B7E1C0D00FC0B6E /* QRCodeScannerBuilder.swift */; };
		EE92C3D22B7E1C0D00FC0B6E /* QRCodeScannerRouter.swift in Sources */ = {isa = PBXBuildFile; fileRef = EE92C3CC2B7E1C0D00FC0B6E /* QRCodeScannerRouter.swift */; };
		EE92C3D32B7E1C0D00FC0B6E /* QRCodeScannerViewModel.swift in Sources */ = {isa = PBXBuildFile; fileRef = EE92C3CD2B7E1C0D00FC0B6E /* QRCodeScannerViewModel.swift */; };
		EE92C4072B7E1CA200FC0B6E /* RoundedRectBorderWithText.swift in Sources */ = {isa = PBXBuildFile; fileRef = EE92C3D72B7E1CA200FC0B6E /* RoundedRectBorderWithText.swift */; };
		EE92C4082B7E1CA200FC0B6E /* Button+Configurations.swift in Sources */ = {isa = PBXBuildFile; fileRef = EE92C3D82B7E1CA200FC0B6E /* Button+Configurations.swift */; };
		EE92C40A2B7E1CA200FC0B6E /* NavigationBarUtilModifiers.swift in Sources */ = {isa = PBXBuildFile; fileRef = EE92C3DA2B7E1CA200FC0B6E /* NavigationBarUtilModifiers.swift */; };
		EE92C40C2B7E1CA200FC0B6E /* ClearFullCoverModifier.swift in Sources */ = {isa = PBXBuildFile; fileRef = EE92C3DC2B7E1CA200FC0B6E /* ClearFullCoverModifier.swift */; };
		EE92C40D2B7E1CA200FC0B6E /* AtalaNavigationBackButton.swift in Sources */ = {isa = PBXBuildFile; fileRef = EE92C3DD2B7E1CA200FC0B6E /* AtalaNavigationBackButton.swift */; };
		EE92C40F2B7E1CA200FC0B6E /* LoadingModifier.swift in Sources */ = {isa = PBXBuildFile; fileRef = EE92C3DF2B7E1CA200FC0B6E /* LoadingModifier.swift */; };
		EE92C4102B7E1CA200FC0B6E /* SpecificRoundedRect.swift in Sources */ = {isa = PBXBuildFile; fileRef = EE92C3E12B7E1CA200FC0B6E /* SpecificRoundedRect.swift */; };
		EE92C4112B7E1CA200FC0B6E /* ClosableSheet.swift in Sources */ = {isa = PBXBuildFile; fileRef = EE92C3E32B7E1CA200FC0B6E /* ClosableSheet.swift */; };
		EE92C4122B7E1CA200FC0B6E /* ErrorDialogView.swift in Sources */ = {isa = PBXBuildFile; fileRef = EE92C3E42B7E1CA200FC0B6E /* ErrorDialogView.swift */; };
		EE92C4142B7E1CA200FC0B6E /* EmptyNavigationLink.swift in Sources */ = {isa = PBXBuildFile; fileRef = EE92C3E62B7E1CA200FC0B6E /* EmptyNavigationLink.swift */; };
		EE92C4152B7E1CA200FC0B6E /* CheckButton.swift in Sources */ = {isa = PBXBuildFile; fileRef = EE92C3E72B7E1CA200FC0B6E /* CheckButton.swift */; };
		EE92C4162B7E1CA200FC0B6E /* SelectCheckButton.swift in Sources */ = {isa = PBXBuildFile; fileRef = EE92C3E82B7E1CA200FC0B6E /* SelectCheckButton.swift */; };
		EE92C4172B7E1CA200FC0B6E /* FlowSuccessfulView.swift in Sources */ = {isa = PBXBuildFile; fileRef = EE92C3E92B7E1CA200FC0B6E /* FlowSuccessfulView.swift */; };
		EE92C4182B7E1CA200FC0B6E /* PinInsertView.swift in Sources */ = {isa = PBXBuildFile; fileRef = EE92C3EA2B7E1CA200FC0B6E /* PinInsertView.swift */; };
		EE92C41A2B7E1CA200FC0B6E /* ButtonNavigationLink.swift in Sources */ = {isa = PBXBuildFile; fileRef = EE92C3EC2B7E1CA200FC0B6E /* ButtonNavigationLink.swift */; };
		EE92C41B2B7E1CA200FC0B6E /* WordTagGrid.swift in Sources */ = {isa = PBXBuildFile; fileRef = EE92C3ED2B7E1CA200FC0B6E /* WordTagGrid.swift */; };
		EE92C41C2B7E1CA200FC0B6E /* HyperlinkText.swift in Sources */ = {isa = PBXBuildFile; fileRef = EE92C3EE2B7E1CA200FC0B6E /* HyperlinkText.swift */; };
		EE92C41D2B7E1CA200FC0B6E /* LazyView.swift in Sources */ = {isa = PBXBuildFile; fileRef = EE92C3EF2B7E1CA200FC0B6E /* LazyView.swift */; };
		EE92C41E2B7E1CA200FC0B6E /* WebView.swift in Sources */ = {isa = PBXBuildFile; fileRef = EE92C3F02B7E1CA200FC0B6E /* WebView.swift */; };
		EE92C4202B7E1CA200FC0B6E /* WordsTextFieldView.swift in Sources */ = {isa = PBXBuildFile; fileRef = EE92C3F22B7E1CA200FC0B6E /* WordsTextFieldView.swift */; };
		EE92C4212B7E1CA200FC0B6E /* ErrorTextBox.swift in Sources */ = {isa = PBXBuildFile; fileRef = EE92C3F32B7E1CA200FC0B6E /* ErrorTextBox.swift */; };
		EE92C4222B7E1CA200FC0B6E /* WordTagEditable.swift in Sources */ = {isa = PBXBuildFile; fileRef = EE92C3F42B7E1CA200FC0B6E /* WordTagEditable.swift */; };
		EE92C4232B7E1CA200FC0B6E /* DeleteView.swift in Sources */ = {isa = PBXBuildFile; fileRef = EE92C3F52B7E1CA200FC0B6E /* DeleteView.swift */; };
		EE92C4242B7E1CA200FC0B6E /* ActivityView.swift in Sources */ = {isa = PBXBuildFile; fileRef = EE92C3F62B7E1CA200FC0B6E /* ActivityView.swift */; };
		EE92C4252B7E1CA200FC0B6E /* AtalaButton.swift in Sources */ = {isa = PBXBuildFile; fileRef = EE92C3F72B7E1CA200FC0B6E /* AtalaButton.swift */; };
		EE92C4262B7E1CA200FC0B6E /* SearchBoxView.swift in Sources */ = {isa = PBXBuildFile; fileRef = EE92C3F82B7E1CA200FC0B6E /* SearchBoxView.swift */; };
		EE92C4282B7E1CA200FC0B6E /* RootPresentationMode.swift in Sources */ = {isa = PBXBuildFile; fileRef = EE92C3FB2B7E1CA200FC0B6E /* RootPresentationMode.swift */; };
		EE92C4292B7E1CA200FC0B6E /* IsLoadingEnvironmentValue.swift in Sources */ = {isa = PBXBuildFile; fileRef = EE92C3FC2B7E1CA200FC0B6E /* IsLoadingEnvironmentValue.swift */; };
		EE92C42A2B7E1CA200FC0B6E /* IntrinsicSizePreferenceKey.swift in Sources */ = {isa = PBXBuildFile; fileRef = EE92C3FE2B7E1CA200FC0B6E /* IntrinsicSizePreferenceKey.swift */; };
		EE92C42B2B7E1CA200FC0B6E /* DisablePreferenceKey.swift in Sources */ = {isa = PBXBuildFile; fileRef = EE92C3FF2B7E1CA200FC0B6E /* DisablePreferenceKey.swift */; };
		EE92C42C2B7E1CA200FC0B6E /* NavigationUtils.swift in Sources */ = {isa = PBXBuildFile; fileRef = EE92C4002B7E1CA200FC0B6E /* NavigationUtils.swift */; };
		EE92C42E2B7E1CA200FC0B6E /* URL+StringLiterals.swift in Sources */ = {isa = PBXBuildFile; fileRef = EE92C4032B7E1CA200FC0B6E /* URL+StringLiterals.swift */; };
		EE92C42F2B7E1CA200FC0B6E /* Combine+Drop.swift in Sources */ = {isa = PBXBuildFile; fileRef = EE92C4042B7E1CA200FC0B6E /* Combine+Drop.swift */; };
		EE92C4302B7E1CA200FC0B6E /* Array+Helpers.swift in Sources */ = {isa = PBXBuildFile; fileRef = EE92C4052B7E1CA200FC0B6E /* Array+Helpers.swift */; };
		EE92C43B2B7E1F6A00FC0B6E /* AddNewContactView.swift in Sources */ = {isa = PBXBuildFile; fileRef = EE92C4332B7E1F6A00FC0B6E /* AddNewContactView.swift */; };
		EE92C43C2B7E1F6A00FC0B6E /* AddNewContactViewModel.swift in Sources */ = {isa = PBXBuildFile; fileRef = EE92C4342B7E1F6A00FC0B6E /* AddNewContactViewModel.swift */; };
		EE92C43D2B7E1F6A00FC0B6E /* AlreadyConnectedView.swift in Sources */ = {isa = PBXBuildFile; fileRef = EE92C4362B7E1F6A00FC0B6E /* AlreadyConnectedView.swift */; };
		EE92C43E2B7E1F6A00FC0B6E /* ConfirmConnectionView.swift in Sources */ = {isa = PBXBuildFile; fileRef = EE92C4372B7E1F6A00FC0B6E /* ConfirmConnectionView.swift */; };
		EE92C43F2B7E1F6A00FC0B6E /* InsertCodeView.swift in Sources */ = {isa = PBXBuildFile; fileRef = EE92C4382B7E1F6A00FC0B6E /* InsertCodeView.swift */; };
		EE92C4402B7E1F6A00FC0B6E /* AddNewContactState.swift in Sources */ = {isa = PBXBuildFile; fileRef = EE92C4392B7E1F6A00FC0B6E /* AddNewContactState.swift */; };
		EE92C4412B7E1F6A00FC0B6E /* AddNewContactBuilder.swift in Sources */ = {isa = PBXBuildFile; fileRef = EE92C43A2B7E1F6A00FC0B6E /* AddNewContactBuilder.swift */; };
		EE92C4442B7E2BAB00FC0B6E /* DisplayErrorState.swift in Sources */ = {isa = PBXBuildFile; fileRef = EE92C4432B7E2BAB00FC0B6E /* DisplayErrorState.swift */; };
		EE92C4462B7E2D8500FC0B6E /* ConnectionsListRouter.swift in Sources */ = {isa = PBXBuildFile; fileRef = EE92C4452B7E2D8500FC0B6E /* ConnectionsListRouter.swift */; };
		EEB7D32229420180006E076D /* SetupPrismAgentView.swift in Sources */ = {isa = PBXBuildFile; fileRef = EEB7D32129420180006E076D /* SetupPrismAgentView.swift */; };
		EEB7D3242942018C006E076D /* SetupPrismAgentViewModel.swift in Sources */ = {isa = PBXBuildFile; fileRef = EEB7D3232942018C006E076D /* SetupPrismAgentViewModel.swift */; };
		EEBC938D29C730FA0015A36E /* CredentialListView.swift in Sources */ = {isa = PBXBuildFile; fileRef = EEBC938C29C730FA0015A36E /* CredentialListView.swift */; };
		EEBC938F29C7311C0015A36E /* CredentialListViewState.swift in Sources */ = {isa = PBXBuildFile; fileRef = EEBC938E29C7311C0015A36E /* CredentialListViewState.swift */; };
		EEBC939529C735910015A36E /* CredentialListViewModel.swift in Sources */ = {isa = PBXBuildFile; fileRef = EEBC939429C735910015A36E /* CredentialListViewModel.swift */; };
		EEBC939729C737DE0015A36E /* CredentialListRouter.swift in Sources */ = {isa = PBXBuildFile; fileRef = EEBC939629C737DE0015A36E /* CredentialListRouter.swift */; };
		EEC2226A2CF77437004F2CA5 /* Apollo in Frameworks */ = {isa = PBXBuildFile; productRef = EEC222692CF77437004F2CA5 /* Apollo */; };
		EEC2226C2CF77437004F2CA5 /* Authenticate in Frameworks */ = {isa = PBXBuildFile; productRef = EEC2226B2CF77437004F2CA5 /* Authenticate */; };
		EEC2226E2CF77437004F2CA5 /* Builders in Frameworks */ = {isa = PBXBuildFile; productRef = EEC2226D2CF77437004F2CA5 /* Builders */; };
		EEC222702CF77437004F2CA5 /* Castor in Frameworks */ = {isa = PBXBuildFile; productRef = EEC2226F2CF77437004F2CA5 /* Castor */; };
		EEC222722CF77437004F2CA5 /* Domain in Frameworks */ = {isa = PBXBuildFile; productRef = EEC222712CF77437004F2CA5 /* Domain */; };
		EEC5A8392BEA5E3A00AED928 /* EdgeAgent in Frameworks */ = {isa = PBXBuildFile; productRef = EEC5A8382BEA5E3A00AED928 /* EdgeAgent */; };
		EEE61FBA2937CA280053AE52 /* AtalaPrismWalletDemoApp.swift in Sources */ = {isa = PBXBuildFile; fileRef = EEE61FB92937CA280053AE52 /* AtalaPrismWalletDemoApp.swift */; };
		EEE61FBC2937CA280053AE52 /* FuncionalitiesList.swift in Sources */ = {isa = PBXBuildFile; fileRef = EEE61FBB2937CA280053AE52 /* FuncionalitiesList.swift */; };
		EEE61FC12937CA2A0053AE52 /* Preview Assets.xcassets in Resources */ = {isa = PBXBuildFile; fileRef = EEE61FC02937CA2A0053AE52 /* Preview Assets.xcassets */; };
		EEE61FDD2937CD7A0053AE52 /* SeedFuncionalitiesView.swift in Sources */ = {isa = PBXBuildFile; fileRef = EEE61FDC2937CD7A0053AE52 /* SeedFuncionalitiesView.swift */; };
		EEE61FE02937CEAA0053AE52 /* SeedViewModel.swift in Sources */ = {isa = PBXBuildFile; fileRef = EEE61FDF2937CEAA0053AE52 /* SeedViewModel.swift */; };
		EEE61FE42937D5560053AE52 /* DIDFuncionalitiesViewModel.swift in Sources */ = {isa = PBXBuildFile; fileRef = EEE61FE32937D5560053AE52 /* DIDFuncionalitiesViewModel.swift */; };
		EEE61FE82937D7EE0053AE52 /* DIDFuncionalitiesView.swift in Sources */ = {isa = PBXBuildFile; fileRef = EEE61FE72937D7EE0053AE52 /* DIDFuncionalitiesView.swift */; };
		EEE620132937F1D40053AE52 /* PrintObjects.swift in Sources */ = {isa = PBXBuildFile; fileRef = EEE620122937F1D40053AE52 /* PrintObjects.swift */; };
		EEE620162937F3110053AE52 /* SigningVerificationViewModel.swift in Sources */ = {isa = PBXBuildFile; fileRef = EEE620152937F3110053AE52 /* SigningVerificationViewModel.swift */; };
		EEE620182937F6870053AE52 /* SigningVerificationView.swift in Sources */ = {isa = PBXBuildFile; fileRef = EEE620172937F6870053AE52 /* SigningVerificationView.swift */; };
		EEE6202F2937FDE50053AE52 /* AuthenticateWalletView.swift in Sources */ = {isa = PBXBuildFile; fileRef = EEE6202D2937FDE50053AE52 /* AuthenticateWalletView.swift */; };
		EEE620302937FDE50053AE52 /* AuthenticateWalletViewModel.swift in Sources */ = {isa = PBXBuildFile; fileRef = EEE6202E2937FDE50053AE52 /* AuthenticateWalletViewModel.swift */; };
		EEE80CEE2C19B5A2000CB94B /* BackupViewBuilder.swift in Sources */ = {isa = PBXBuildFile; fileRef = EEE80CED2C19B5A2000CB94B /* BackupViewBuilder.swift */; };
		EEE80CF02C19B5AF000CB94B /* BackupViewModel.swift in Sources */ = {isa = PBXBuildFile; fileRef = EEE80CEF2C19B5AF000CB94B /* BackupViewModel.swift */; };
		EEE80CF22C19B5C3000CB94B /* BackupView.swift in Sources */ = {isa = PBXBuildFile; fileRef = EEE80CF12C19B5C3000CB94B /* BackupView.swift */; };
		EEECB27F29C282A800BBB4B9 /* ConnectionsListView.swift in Sources */ = {isa = PBXBuildFile; fileRef = EEECB27E29C282A800BBB4B9 /* ConnectionsListView.swift */; };
		EEECB28129C282D500BBB4B9 /* ConnectionsViewState.swift in Sources */ = {isa = PBXBuildFile; fileRef = EEECB28029C282D500BBB4B9 /* ConnectionsViewState.swift */; };
		EEECB28329C2831E00BBB4B9 /* ConnectionsListViewModel.swift in Sources */ = {isa = PBXBuildFile; fileRef = EEECB28229C2831E00BBB4B9 /* ConnectionsListViewModel.swift */; };
		EEECB28629C28A8400BBB4B9 /* Main2View.swift in Sources */ = {isa = PBXBuildFile; fileRef = EEECB28529C28A8400BBB4B9 /* Main2View.swift */; };
		EEECB28829C28CA100BBB4B9 /* Main2Router.swift in Sources */ = {isa = PBXBuildFile; fileRef = EEECB28729C28CA100BBB4B9 /* Main2Router.swift */; };
		EEECB28C29C29A5400BBB4B9 /* MessagesListView.swift in Sources */ = {isa = PBXBuildFile; fileRef = EEECB28B29C29A5400BBB4B9 /* MessagesListView.swift */; };
		EEECB28E29C29A7300BBB4B9 /* MessagesListViewState.swift in Sources */ = {isa = PBXBuildFile; fileRef = EEECB28D29C29A7300BBB4B9 /* MessagesListViewState.swift */; };
		EEECB29029C29F0700BBB4B9 /* MessagesListViewModel.swift in Sources */ = {isa = PBXBuildFile; fileRef = EEECB28F29C29F0700BBB4B9 /* MessagesListViewModel.swift */; };
		EEECB29229C2A37700BBB4B9 /* MessagesListRouter.swift in Sources */ = {isa = PBXBuildFile; fileRef = EEECB29129C2A37700BBB4B9 /* MessagesListRouter.swift */; };
		EEECB29529C2A48B00BBB4B9 /* MessageDetailView.swift in Sources */ = {isa = PBXBuildFile; fileRef = EEECB29429C2A48B00BBB4B9 /* MessageDetailView.swift */; };
		EEECB29729C2A4AA00BBB4B9 /* MessageDetailViewState.swift in Sources */ = {isa = PBXBuildFile; fileRef = EEECB29629C2A4AA00BBB4B9 /* MessageDetailViewState.swift */; };
		EEECB29929C309FC00BBB4B9 /* MessageDetailViewModel.swift in Sources */ = {isa = PBXBuildFile; fileRef = EEECB29829C309FC00BBB4B9 /* MessageDetailViewModel.swift */; };
/* End PBXBuildFile section */

/* Begin PBXFileReference section */
		EE0E1FAC29473B10003CD7D5 /* Assets.xcassets */ = {isa = PBXFileReference; lastKnownFileType = folder.assetcatalog; path = Assets.xcassets; sourceTree = "<group>"; };
		EE0E1FAE29473B10003CD7D5 /* SteradianBold.otf */ = {isa = PBXFileReference; lastKnownFileType = file; path = SteradianBold.otf; sourceTree = "<group>"; };
		EE0E1FAF29473B10003CD7D5 /* SteradianMedium.otf */ = {isa = PBXFileReference; lastKnownFileType = file; path = SteradianMedium.otf; sourceTree = "<group>"; };
		EE0E1FB029473B10003CD7D5 /* SteradianRegular.otf */ = {isa = PBXFileReference; lastKnownFileType = file; path = SteradianRegular.otf; sourceTree = "<group>"; };
		EE2D40962ACC470100CF9446 /* CredentialDetailViewModel.swift */ = {isa = PBXFileReference; lastKnownFileType = sourcecode.swift; path = CredentialDetailViewModel.swift; sourceTree = "<group>"; };
		EE418ADD2BCFD925008766A6 /* PresentationDetailViewState.swift */ = {isa = PBXFileReference; fileEncoding = 4; lastKnownFileType = sourcecode.swift; path = PresentationDetailViewState.swift; sourceTree = "<group>"; };
		EE418ADE2BCFD925008766A6 /* PresentationDetailViewModel.swift */ = {isa = PBXFileReference; fileEncoding = 4; lastKnownFileType = sourcecode.swift; path = PresentationDetailViewModel.swift; sourceTree = "<group>"; };
		EE418ADF2BCFD925008766A6 /* PresentationDetailView.swift */ = {isa = PBXFileReference; fileEncoding = 4; lastKnownFileType = sourcecode.swift; path = PresentationDetailView.swift; sourceTree = "<group>"; };
		EE418AE12BCFD925008766A6 /* PresentationsView.swift */ = {isa = PBXFileReference; fileEncoding = 4; lastKnownFileType = sourcecode.swift; path = PresentationsView.swift; sourceTree = "<group>"; };
		EE418AE22BCFD925008766A6 /* PresentationsViewModel.swift */ = {isa = PBXFileReference; fileEncoding = 4; lastKnownFileType = sourcecode.swift; path = PresentationsViewModel.swift; sourceTree = "<group>"; };
		EE418AE32BCFD925008766A6 /* PresentationsRouter.swift */ = {isa = PBXFileReference; fileEncoding = 4; lastKnownFileType = sourcecode.swift; path = PresentationsRouter.swift; sourceTree = "<group>"; };
		EE418AE42BCFD925008766A6 /* PresentationsViewState.swift */ = {isa = PBXFileReference; fileEncoding = 4; lastKnownFileType = sourcecode.swift; path = PresentationsViewState.swift; sourceTree = "<group>"; };
		EE418AE62BCFD925008766A6 /* MainVerifierRouter.swift */ = {isa = PBXFileReference; fileEncoding = 4; lastKnownFileType = sourcecode.swift; path = MainVerifierRouter.swift; sourceTree = "<group>"; };
		EE418AE72BCFD925008766A6 /* MainVerifierView.swift */ = {isa = PBXFileReference; fileEncoding = 4; lastKnownFileType = sourcecode.swift; path = MainVerifierView.swift; sourceTree = "<group>"; };
		EE418AE92BCFD925008766A6 /* CreatePresentationViewState.swift */ = {isa = PBXFileReference; fileEncoding = 4; lastKnownFileType = sourcecode.swift; path = CreatePresentationViewState.swift; sourceTree = "<group>"; };
		EE418AEA2BCFD925008766A6 /* CreatePresentationViewModel.swift */ = {isa = PBXFileReference; fileEncoding = 4; lastKnownFileType = sourcecode.swift; path = CreatePresentationViewModel.swift; sourceTree = "<group>"; };
		EE418AEB2BCFD925008766A6 /* CreatePresentationView.swift */ = {isa = PBXFileReference; fileEncoding = 4; lastKnownFileType = sourcecode.swift; path = CreatePresentationView.swift; sourceTree = "<group>"; };
		EE549F462ACC1F5E0038ED1D /* CredentialDetailView.swift */ = {isa = PBXFileReference; lastKnownFileType = sourcecode.swift; path = CredentialDetailView.swift; sourceTree = "<group>"; };
		EE549F482ACC1F7D0038ED1D /* CredentialDetailViewState.swift */ = {isa = PBXFileReference; lastKnownFileType = sourcecode.swift; path = CredentialDetailViewState.swift; sourceTree = "<group>"; };
		EE566EDE2C9C4708004C4051 /* DeepLinkWebView.swift */ = {isa = PBXFileReference; lastKnownFileType = sourcecode.swift; path = DeepLinkWebView.swift; sourceTree = "<group>"; };
		EE6C38DB294626E1006CD2D3 /* String+extensions.swift */ = {isa = PBXFileReference; lastKnownFileType = sourcecode.swift; path = "String+extensions.swift"; sourceTree = "<group>"; };
		EE6C38E2294627B2006CD2D3 /* Localizable.strings */ = {isa = PBXFileReference; lastKnownFileType = text.plist.strings; path = Localizable.strings; sourceTree = "<group>"; };
		EE6C38E429462822006CD2D3 /* Localizable.stringsdict */ = {isa = PBXFileReference; fileEncoding = 4; lastKnownFileType = text.plist.stringsdict; path = Localizable.stringsdict; sourceTree = "<group>"; };
		EE6C38EF29468196006CD2D3 /* DIContainer.swift */ = {isa = PBXFileReference; lastKnownFileType = sourcecode.swift; path = DIContainer.swift; sourceTree = "<group>"; };
		EE6C39002946827B006CD2D3 /* ComponentContainer.swift */ = {isa = PBXFileReference; lastKnownFileType = sourcecode.swift; path = ComponentContainer.swift; sourceTree = "<group>"; };
		EE6C390229468288006CD2D3 /* Builder.swift */ = {isa = PBXFileReference; lastKnownFileType = sourcecode.swift; path = Builder.swift; sourceTree = "<group>"; };
		EE6C7F4A29C2357A00D866AD /* MediatorPageStateView.swift */ = {isa = PBXFileReference; lastKnownFileType = sourcecode.swift; path = MediatorPageStateView.swift; sourceTree = "<group>"; };
		EE6C7F4C29C2367400D866AD /* MediatorPageViewModel.swift */ = {isa = PBXFileReference; lastKnownFileType = sourcecode.swift; path = MediatorPageViewModel.swift; sourceTree = "<group>"; };
		EE6C7F5029C23A3400D866AD /* MediatorPageView.swift */ = {isa = PBXFileReference; lastKnownFileType = sourcecode.swift; path = MediatorPageView.swift; sourceTree = "<group>"; };
		EE6C7F5329C2754500D866AD /* DIDListView.swift */ = {isa = PBXFileReference; lastKnownFileType = sourcecode.swift; path = DIDListView.swift; sourceTree = "<group>"; };
		EE6C7F5529C2758100D866AD /* DIDListViewState.swift */ = {isa = PBXFileReference; lastKnownFileType = sourcecode.swift; path = DIDListViewState.swift; sourceTree = "<group>"; };
		EE6C7F5729C275C400D866AD /* DIDListViewModel.swift */ = {isa = PBXFileReference; lastKnownFileType = sourcecode.swift; path = DIDListViewModel.swift; sourceTree = "<group>"; };
		EE6FE6D12BFE0691001673F3 /* MockAnoncredsIssuer.swift */ = {isa = PBXFileReference; lastKnownFileType = sourcecode.swift; path = MockAnoncredsIssuer.swift; sourceTree = "<group>"; };
		EE75147B29C3766800FFFAA4 /* DIDDetailViewModel.swift */ = {isa = PBXFileReference; lastKnownFileType = sourcecode.swift; path = DIDDetailViewModel.swift; sourceTree = "<group>"; };
		EE75147D29C376E700FFFAA4 /* DIDDetailView.swift */ = {isa = PBXFileReference; lastKnownFileType = sourcecode.swift; path = DIDDetailView.swift; sourceTree = "<group>"; };
		EE75147F29C378DB00FFFAA4 /* DIDDetailViewState.swift */ = {isa = PBXFileReference; lastKnownFileType = sourcecode.swift; path = DIDDetailViewState.swift; sourceTree = "<group>"; };
		EE75A2F629479488007D4405 /* FancyToast.swift */ = {isa = PBXFileReference; lastKnownFileType = sourcecode.swift; path = FancyToast.swift; sourceTree = "<group>"; };
		EE75A2F8294794F8007D4405 /* FancyToastModifier.swift */ = {isa = PBXFileReference; lastKnownFileType = sourcecode.swift; path = FancyToastModifier.swift; sourceTree = "<group>"; };
		EE8F37482B87498700EC0638 /* RequestDetailView.swift */ = {isa = PBXFileReference; lastKnownFileType = sourcecode.swift; path = RequestDetailView.swift; sourceTree = "<group>"; };
		EE8F374A2B87499400EC0638 /* RequestDetailViewState.swift */ = {isa = PBXFileReference; lastKnownFileType = sourcecode.swift; path = RequestDetailViewState.swift; sourceTree = "<group>"; };
		EE8F374C2B8749A400EC0638 /* RequestDetailViewModel.swift */ = {isa = PBXFileReference; lastKnownFileType = sourcecode.swift; path = RequestDetailViewModel.swift; sourceTree = "<group>"; };
		EE8F374E2B8749AF00EC0638 /* RequestDetailRouter.swift */ = {isa = PBXFileReference; lastKnownFileType = sourcecode.swift; path = RequestDetailRouter.swift; sourceTree = "<group>"; };
		EE8F37512B87739D00EC0638 /* SettingsView.swift */ = {isa = PBXFileReference; lastKnownFileType = sourcecode.swift; path = SettingsView.swift; sourceTree = "<group>"; };
		EE8F37552B8773F100EC0638 /* SettingsViewState.swift */ = {isa = PBXFileReference; lastKnownFileType = sourcecode.swift; path = SettingsViewState.swift; sourceTree = "<group>"; };
		EE8F37572B87743D00EC0638 /* SettingsViewRouter.swift */ = {isa = PBXFileReference; lastKnownFileType = sourcecode.swift; path = SettingsViewRouter.swift; sourceTree = "<group>"; };
		EE92C3C72B7E1C0D00FC0B6E /* QRCodeScannerView.swift */ = {isa = PBXFileReference; fileEncoding = 4; lastKnownFileType = sourcecode.swift; path = QRCodeScannerView.swift; sourceTree = "<group>"; };
		EE92C3C92B7E1C0D00FC0B6E /* QRScannerView.swift */ = {isa = PBXFileReference; fileEncoding = 4; lastKnownFileType = sourcecode.swift; path = QRScannerView.swift; sourceTree = "<group>"; };
		EE92C3CA2B7E1C0D00FC0B6E /* CameraViewController.swift */ = {isa = PBXFileReference; fileEncoding = 4; lastKnownFileType = sourcecode.swift; path = CameraViewController.swift; sourceTree = "<group>"; };
		EE92C3CB2B7E1C0D00FC0B6E /* QRCodeScannerBuilder.swift */ = {isa = PBXFileReference; fileEncoding = 4; lastKnownFileType = sourcecode.swift; path = QRCodeScannerBuilder.swift; sourceTree = "<group>"; };
		EE92C3CC2B7E1C0D00FC0B6E /* QRCodeScannerRouter.swift */ = {isa = PBXFileReference; fileEncoding = 4; lastKnownFileType = sourcecode.swift; path = QRCodeScannerRouter.swift; sourceTree = "<group>"; };
		EE92C3CD2B7E1C0D00FC0B6E /* QRCodeScannerViewModel.swift */ = {isa = PBXFileReference; fileEncoding = 4; lastKnownFileType = sourcecode.swift; path = QRCodeScannerViewModel.swift; sourceTree = "<group>"; };
		EE92C3D72B7E1CA200FC0B6E /* RoundedRectBorderWithText.swift */ = {isa = PBXFileReference; fileEncoding = 4; lastKnownFileType = sourcecode.swift; path = RoundedRectBorderWithText.swift; sourceTree = "<group>"; };
		EE92C3D82B7E1CA200FC0B6E /* Button+Configurations.swift */ = {isa = PBXFileReference; fileEncoding = 4; lastKnownFileType = sourcecode.swift; path = "Button+Configurations.swift"; sourceTree = "<group>"; };
		EE92C3DA2B7E1CA200FC0B6E /* NavigationBarUtilModifiers.swift */ = {isa = PBXFileReference; fileEncoding = 4; lastKnownFileType = sourcecode.swift; path = NavigationBarUtilModifiers.swift; sourceTree = "<group>"; };
		EE92C3DC2B7E1CA200FC0B6E /* ClearFullCoverModifier.swift */ = {isa = PBXFileReference; fileEncoding = 4; lastKnownFileType = sourcecode.swift; path = ClearFullCoverModifier.swift; sourceTree = "<group>"; };
		EE92C3DD2B7E1CA200FC0B6E /* AtalaNavigationBackButton.swift */ = {isa = PBXFileReference; fileEncoding = 4; lastKnownFileType = sourcecode.swift; path = AtalaNavigationBackButton.swift; sourceTree = "<group>"; };
		EE92C3DF2B7E1CA200FC0B6E /* LoadingModifier.swift */ = {isa = PBXFileReference; fileEncoding = 4; lastKnownFileType = sourcecode.swift; path = LoadingModifier.swift; sourceTree = "<group>"; };
		EE92C3E12B7E1CA200FC0B6E /* SpecificRoundedRect.swift */ = {isa = PBXFileReference; fileEncoding = 4; lastKnownFileType = sourcecode.swift; path = SpecificRoundedRect.swift; sourceTree = "<group>"; };
		EE92C3E32B7E1CA200FC0B6E /* ClosableSheet.swift */ = {isa = PBXFileReference; fileEncoding = 4; lastKnownFileType = sourcecode.swift; path = ClosableSheet.swift; sourceTree = "<group>"; };
		EE92C3E42B7E1CA200FC0B6E /* ErrorDialogView.swift */ = {isa = PBXFileReference; fileEncoding = 4; lastKnownFileType = sourcecode.swift; path = ErrorDialogView.swift; sourceTree = "<group>"; };
		EE92C3E62B7E1CA200FC0B6E /* EmptyNavigationLink.swift */ = {isa = PBXFileReference; fileEncoding = 4; lastKnownFileType = sourcecode.swift; path = EmptyNavigationLink.swift; sourceTree = "<group>"; };
		EE92C3E72B7E1CA200FC0B6E /* CheckButton.swift */ = {isa = PBXFileReference; fileEncoding = 4; lastKnownFileType = sourcecode.swift; path = CheckButton.swift; sourceTree = "<group>"; };
		EE92C3E82B7E1CA200FC0B6E /* SelectCheckButton.swift */ = {isa = PBXFileReference; fileEncoding = 4; lastKnownFileType = sourcecode.swift; path = SelectCheckButton.swift; sourceTree = "<group>"; };
		EE92C3E92B7E1CA200FC0B6E /* FlowSuccessfulView.swift */ = {isa = PBXFileReference; fileEncoding = 4; lastKnownFileType = sourcecode.swift; path = FlowSuccessfulView.swift; sourceTree = "<group>"; };
		EE92C3EA2B7E1CA200FC0B6E /* PinInsertView.swift */ = {isa = PBXFileReference; fileEncoding = 4; lastKnownFileType = sourcecode.swift; path = PinInsertView.swift; sourceTree = "<group>"; };
		EE92C3EC2B7E1CA200FC0B6E /* ButtonNavigationLink.swift */ = {isa = PBXFileReference; fileEncoding = 4; lastKnownFileType = sourcecode.swift; path = ButtonNavigationLink.swift; sourceTree = "<group>"; };
		EE92C3ED2B7E1CA200FC0B6E /* WordTagGrid.swift */ = {isa = PBXFileReference; fileEncoding = 4; lastKnownFileType = sourcecode.swift; path = WordTagGrid.swift; sourceTree = "<group>"; };
		EE92C3EE2B7E1CA200FC0B6E /* HyperlinkText.swift */ = {isa = PBXFileReference; fileEncoding = 4; lastKnownFileType = sourcecode.swift; path = HyperlinkText.swift; sourceTree = "<group>"; };
		EE92C3EF2B7E1CA200FC0B6E /* LazyView.swift */ = {isa = PBXFileReference; fileEncoding = 4; lastKnownFileType = sourcecode.swift; path = LazyView.swift; sourceTree = "<group>"; };
		EE92C3F02B7E1CA200FC0B6E /* WebView.swift */ = {isa = PBXFileReference; fileEncoding = 4; lastKnownFileType = sourcecode.swift; path = WebView.swift; sourceTree = "<group>"; };
		EE92C3F22B7E1CA200FC0B6E /* WordsTextFieldView.swift */ = {isa = PBXFileReference; fileEncoding = 4; lastKnownFileType = sourcecode.swift; path = WordsTextFieldView.swift; sourceTree = "<group>"; };
		EE92C3F32B7E1CA200FC0B6E /* ErrorTextBox.swift */ = {isa = PBXFileReference; fileEncoding = 4; lastKnownFileType = sourcecode.swift; path = ErrorTextBox.swift; sourceTree = "<group>"; };
		EE92C3F42B7E1CA200FC0B6E /* WordTagEditable.swift */ = {isa = PBXFileReference; fileEncoding = 4; lastKnownFileType = sourcecode.swift; path = WordTagEditable.swift; sourceTree = "<group>"; };
		EE92C3F52B7E1CA200FC0B6E /* DeleteView.swift */ = {isa = PBXFileReference; fileEncoding = 4; lastKnownFileType = sourcecode.swift; path = DeleteView.swift; sourceTree = "<group>"; };
		EE92C3F62B7E1CA200FC0B6E /* ActivityView.swift */ = {isa = PBXFileReference; fileEncoding = 4; lastKnownFileType = sourcecode.swift; path = ActivityView.swift; sourceTree = "<group>"; };
		EE92C3F72B7E1CA200FC0B6E /* AtalaButton.swift */ = {isa = PBXFileReference; fileEncoding = 4; lastKnownFileType = sourcecode.swift; path = AtalaButton.swift; sourceTree = "<group>"; };
		EE92C3F82B7E1CA200FC0B6E /* SearchBoxView.swift */ = {isa = PBXFileReference; fileEncoding = 4; lastKnownFileType = sourcecode.swift; path = SearchBoxView.swift; sourceTree = "<group>"; };
		EE92C3FB2B7E1CA200FC0B6E /* RootPresentationMode.swift */ = {isa = PBXFileReference; fileEncoding = 4; lastKnownFileType = sourcecode.swift; path = RootPresentationMode.swift; sourceTree = "<group>"; };
		EE92C3FC2B7E1CA200FC0B6E /* IsLoadingEnvironmentValue.swift */ = {isa = PBXFileReference; fileEncoding = 4; lastKnownFileType = sourcecode.swift; path = IsLoadingEnvironmentValue.swift; sourceTree = "<group>"; };
		EE92C3FE2B7E1CA200FC0B6E /* IntrinsicSizePreferenceKey.swift */ = {isa = PBXFileReference; fileEncoding = 4; lastKnownFileType = sourcecode.swift; path = IntrinsicSizePreferenceKey.swift; sourceTree = "<group>"; };
		EE92C3FF2B7E1CA200FC0B6E /* DisablePreferenceKey.swift */ = {isa = PBXFileReference; fileEncoding = 4; lastKnownFileType = sourcecode.swift; path = DisablePreferenceKey.swift; sourceTree = "<group>"; };
		EE92C4002B7E1CA200FC0B6E /* NavigationUtils.swift */ = {isa = PBXFileReference; fileEncoding = 4; lastKnownFileType = sourcecode.swift; path = NavigationUtils.swift; sourceTree = "<group>"; };
		EE92C4032B7E1CA200FC0B6E /* URL+StringLiterals.swift */ = {isa = PBXFileReference; fileEncoding = 4; lastKnownFileType = sourcecode.swift; path = "URL+StringLiterals.swift"; sourceTree = "<group>"; };
		EE92C4042B7E1CA200FC0B6E /* Combine+Drop.swift */ = {isa = PBXFileReference; fileEncoding = 4; lastKnownFileType = sourcecode.swift; path = "Combine+Drop.swift"; sourceTree = "<group>"; };
		EE92C4052B7E1CA200FC0B6E /* Array+Helpers.swift */ = {isa = PBXFileReference; fileEncoding = 4; lastKnownFileType = sourcecode.swift; path = "Array+Helpers.swift"; sourceTree = "<group>"; };
		EE92C4332B7E1F6A00FC0B6E /* AddNewContactView.swift */ = {isa = PBXFileReference; fileEncoding = 4; lastKnownFileType = sourcecode.swift; path = AddNewContactView.swift; sourceTree = "<group>"; };
		EE92C4342B7E1F6A00FC0B6E /* AddNewContactViewModel.swift */ = {isa = PBXFileReference; fileEncoding = 4; lastKnownFileType = sourcecode.swift; path = AddNewContactViewModel.swift; sourceTree = "<group>"; };
		EE92C4362B7E1F6A00FC0B6E /* AlreadyConnectedView.swift */ = {isa = PBXFileReference; fileEncoding = 4; lastKnownFileType = sourcecode.swift; path = AlreadyConnectedView.swift; sourceTree = "<group>"; };
		EE92C4372B7E1F6A00FC0B6E /* ConfirmConnectionView.swift */ = {isa = PBXFileReference; fileEncoding = 4; lastKnownFileType = sourcecode.swift; path = ConfirmConnectionView.swift; sourceTree = "<group>"; };
		EE92C4382B7E1F6A00FC0B6E /* InsertCodeView.swift */ = {isa = PBXFileReference; fileEncoding = 4; lastKnownFileType = sourcecode.swift; path = InsertCodeView.swift; sourceTree = "<group>"; };
		EE92C4392B7E1F6A00FC0B6E /* AddNewContactState.swift */ = {isa = PBXFileReference; fileEncoding = 4; lastKnownFileType = sourcecode.swift; path = AddNewContactState.swift; sourceTree = "<group>"; };
		EE92C43A2B7E1F6A00FC0B6E /* AddNewContactBuilder.swift */ = {isa = PBXFileReference; fileEncoding = 4; lastKnownFileType = sourcecode.swift; path = AddNewContactBuilder.swift; sourceTree = "<group>"; };
		EE92C4432B7E2BAB00FC0B6E /* DisplayErrorState.swift */ = {isa = PBXFileReference; lastKnownFileType = sourcecode.swift; path = DisplayErrorState.swift; sourceTree = "<group>"; };
		EE92C4452B7E2D8500FC0B6E /* ConnectionsListRouter.swift */ = {isa = PBXFileReference; lastKnownFileType = sourcecode.swift; path = ConnectionsListRouter.swift; sourceTree = "<group>"; };
		EEB7D32129420180006E076D /* SetupPrismAgentView.swift */ = {isa = PBXFileReference; lastKnownFileType = sourcecode.swift; path = SetupPrismAgentView.swift; sourceTree = "<group>"; };
		EEB7D3232942018C006E076D /* SetupPrismAgentViewModel.swift */ = {isa = PBXFileReference; lastKnownFileType = sourcecode.swift; path = SetupPrismAgentViewModel.swift; sourceTree = "<group>"; };
		EEBC938C29C730FA0015A36E /* CredentialListView.swift */ = {isa = PBXFileReference; lastKnownFileType = sourcecode.swift; path = CredentialListView.swift; sourceTree = "<group>"; };
		EEBC938E29C7311C0015A36E /* CredentialListViewState.swift */ = {isa = PBXFileReference; lastKnownFileType = sourcecode.swift; path = CredentialListViewState.swift; sourceTree = "<group>"; };
		EEBC939429C735910015A36E /* CredentialListViewModel.swift */ = {isa = PBXFileReference; lastKnownFileType = sourcecode.swift; path = CredentialListViewModel.swift; sourceTree = "<group>"; };
		EEBC939629C737DE0015A36E /* CredentialListRouter.swift */ = {isa = PBXFileReference; lastKnownFileType = sourcecode.swift; path = CredentialListRouter.swift; sourceTree = "<group>"; };
		EEE61FB62937CA280053AE52 /* AtalaPrismWalletDemo.app */ = {isa = PBXFileReference; explicitFileType = wrapper.application; includeInIndex = 0; path = AtalaPrismWalletDemo.app; sourceTree = BUILT_PRODUCTS_DIR; };
		EEE61FB92937CA280053AE52 /* AtalaPrismWalletDemoApp.swift */ = {isa = PBXFileReference; lastKnownFileType = sourcecode.swift; path = AtalaPrismWalletDemoApp.swift; sourceTree = "<group>"; };
		EEE61FBB2937CA280053AE52 /* FuncionalitiesList.swift */ = {isa = PBXFileReference; lastKnownFileType = sourcecode.swift; path = FuncionalitiesList.swift; sourceTree = "<group>"; };
		EEE61FC02937CA2A0053AE52 /* Preview Assets.xcassets */ = {isa = PBXFileReference; lastKnownFileType = folder.assetcatalog; path = "Preview Assets.xcassets"; sourceTree = "<group>"; };
		EEE61FDC2937CD7A0053AE52 /* SeedFuncionalitiesView.swift */ = {isa = PBXFileReference; lastKnownFileType = sourcecode.swift; path = SeedFuncionalitiesView.swift; sourceTree = "<group>"; };
		EEE61FDF2937CEAA0053AE52 /* SeedViewModel.swift */ = {isa = PBXFileReference; lastKnownFileType = sourcecode.swift; path = SeedViewModel.swift; sourceTree = "<group>"; };
		EEE61FE32937D5560053AE52 /* DIDFuncionalitiesViewModel.swift */ = {isa = PBXFileReference; lastKnownFileType = sourcecode.swift; path = DIDFuncionalitiesViewModel.swift; sourceTree = "<group>"; };
		EEE61FE72937D7EE0053AE52 /* DIDFuncionalitiesView.swift */ = {isa = PBXFileReference; lastKnownFileType = sourcecode.swift; path = DIDFuncionalitiesView.swift; sourceTree = "<group>"; };
		EEE620122937F1D40053AE52 /* PrintObjects.swift */ = {isa = PBXFileReference; lastKnownFileType = sourcecode.swift; path = PrintObjects.swift; sourceTree = "<group>"; };
		EEE620152937F3110053AE52 /* SigningVerificationViewModel.swift */ = {isa = PBXFileReference; lastKnownFileType = sourcecode.swift; path = SigningVerificationViewModel.swift; sourceTree = "<group>"; };
		EEE620172937F6870053AE52 /* SigningVerificationView.swift */ = {isa = PBXFileReference; lastKnownFileType = sourcecode.swift; path = SigningVerificationView.swift; sourceTree = "<group>"; };
		EEE6202D2937FDE50053AE52 /* AuthenticateWalletView.swift */ = {isa = PBXFileReference; fileEncoding = 4; lastKnownFileType = sourcecode.swift; path = AuthenticateWalletView.swift; sourceTree = "<group>"; };
		EEE6202E2937FDE50053AE52 /* AuthenticateWalletViewModel.swift */ = {isa = PBXFileReference; fileEncoding = 4; lastKnownFileType = sourcecode.swift; path = AuthenticateWalletViewModel.swift; sourceTree = "<group>"; };
		EEE620312937FF2C0053AE52 /* Info.plist */ = {isa = PBXFileReference; lastKnownFileType = text.plist; path = Info.plist; sourceTree = "<group>"; };
		EEE80CED2C19B5A2000CB94B /* BackupViewBuilder.swift */ = {isa = PBXFileReference; lastKnownFileType = sourcecode.swift; path = BackupViewBuilder.swift; sourceTree = "<group>"; };
		EEE80CEF2C19B5AF000CB94B /* BackupViewModel.swift */ = {isa = PBXFileReference; lastKnownFileType = sourcecode.swift; path = BackupViewModel.swift; sourceTree = "<group>"; };
		EEE80CF12C19B5C3000CB94B /* BackupView.swift */ = {isa = PBXFileReference; lastKnownFileType = sourcecode.swift; path = BackupView.swift; sourceTree = "<group>"; };
		EEECB27E29C282A800BBB4B9 /* ConnectionsListView.swift */ = {isa = PBXFileReference; lastKnownFileType = sourcecode.swift; path = ConnectionsListView.swift; sourceTree = "<group>"; };
		EEECB28029C282D500BBB4B9 /* ConnectionsViewState.swift */ = {isa = PBXFileReference; lastKnownFileType = sourcecode.swift; path = ConnectionsViewState.swift; sourceTree = "<group>"; };
		EEECB28229C2831E00BBB4B9 /* ConnectionsListViewModel.swift */ = {isa = PBXFileReference; lastKnownFileType = sourcecode.swift; path = ConnectionsListViewModel.swift; sourceTree = "<group>"; };
		EEECB28529C28A8400BBB4B9 /* Main2View.swift */ = {isa = PBXFileReference; lastKnownFileType = sourcecode.swift; path = Main2View.swift; sourceTree = "<group>"; };
		EEECB28729C28CA100BBB4B9 /* Main2Router.swift */ = {isa = PBXFileReference; lastKnownFileType = sourcecode.swift; path = Main2Router.swift; sourceTree = "<group>"; };
		EEECB28B29C29A5400BBB4B9 /* MessagesListView.swift */ = {isa = PBXFileReference; lastKnownFileType = sourcecode.swift; path = MessagesListView.swift; sourceTree = "<group>"; };
		EEECB28D29C29A7300BBB4B9 /* MessagesListViewState.swift */ = {isa = PBXFileReference; lastKnownFileType = sourcecode.swift; path = MessagesListViewState.swift; sourceTree = "<group>"; };
		EEECB28F29C29F0700BBB4B9 /* MessagesListViewModel.swift */ = {isa = PBXFileReference; lastKnownFileType = sourcecode.swift; path = MessagesListViewModel.swift; sourceTree = "<group>"; };
		EEECB29129C2A37700BBB4B9 /* MessagesListRouter.swift */ = {isa = PBXFileReference; lastKnownFileType = sourcecode.swift; path = MessagesListRouter.swift; sourceTree = "<group>"; };
		EEECB29429C2A48B00BBB4B9 /* MessageDetailView.swift */ = {isa = PBXFileReference; lastKnownFileType = sourcecode.swift; path = MessageDetailView.swift; sourceTree = "<group>"; };
		EEECB29629C2A4AA00BBB4B9 /* MessageDetailViewState.swift */ = {isa = PBXFileReference; lastKnownFileType = sourcecode.swift; path = MessageDetailViewState.swift; sourceTree = "<group>"; };
		EEECB29829C309FC00BBB4B9 /* MessageDetailViewModel.swift */ = {isa = PBXFileReference; lastKnownFileType = sourcecode.swift; path = MessageDetailViewModel.swift; sourceTree = "<group>"; };
/* End PBXFileReference section */

/* Begin PBXFrameworksBuildPhase section */
		EEE61FB32937CA280053AE52 /* Frameworks */ = {
			isa = PBXFrameworksBuildPhase;
			buildActionMask = 2147483647;
			files = (
				EEC222702CF77437004F2CA5 /* Castor in Frameworks */,
				EE38135A2938D5B100A3A710 /* Mercury in Frameworks */,
				EE3813582938D5B100A3A710 /* Domain in Frameworks */,
				EE38135E2938D5B100A3A710 /* Pollux in Frameworks */,
				EEC5A8392BEA5E3A00AED928 /* EdgeAgent in Frameworks */,
				EE38135C2938D5B100A3A710 /* Pluto in Frameworks */,
				EEC2226C2CF77437004F2CA5 /* Authenticate in Frameworks */,
				EEC2226E2CF77437004F2CA5 /* Builders in Frameworks */,
				EEC222722CF77437004F2CA5 /* Domain in Frameworks */,
				EEC2226A2CF77437004F2CA5 /* Apollo in Frameworks */,
				EE3813542938D5B100A3A710 /* Builders in Frameworks */,
				EE3813502938D5B100A3A710 /* Apollo in Frameworks */,
				EE3813562938D5B100A3A710 /* Castor in Frameworks */,
				EE3813522938D5B100A3A710 /* Authenticate in Frameworks */,
			);
			runOnlyForDeploymentPostprocessing = 0;
		};
/* End PBXFrameworksBuildPhase section */

/* Begin PBXGroup section */
		EE0E1FAB29473B10003CD7D5 /* assets */ = {
			isa = PBXGroup;
			children = (
				EE0E1FAC29473B10003CD7D5 /* Assets.xcassets */,
				EE0E1FAD29473B10003CD7D5 /* fonts */,
			);
			path = assets;
			sourceTree = "<group>";
		};
		EE0E1FAD29473B10003CD7D5 /* fonts */ = {
			isa = PBXGroup;
			children = (
				EE0E1FAE29473B10003CD7D5 /* SteradianBold.otf */,
				EE0E1FAF29473B10003CD7D5 /* SteradianMedium.otf */,
				EE0E1FB029473B10003CD7D5 /* SteradianRegular.otf */,
			);
			path = fonts;
			sourceTree = "<group>";
		};
		EE418ADB2BCFD925008766A6 /* Verifier */ = {
			isa = PBXGroup;
			children = (
				EE418ADC2BCFD925008766A6 /* PresentationsDetail */,
				EE418AE02BCFD925008766A6 /* Presentations */,
				EE418AE52BCFD925008766A6 /* Main */,
				EE418AE82BCFD925008766A6 /* PresentationCreate */,
			);
			path = Verifier;
			sourceTree = "<group>";
		};
		EE418ADC2BCFD925008766A6 /* PresentationsDetail */ = {
			isa = PBXGroup;
			children = (
				EE418ADD2BCFD925008766A6 /* PresentationDetailViewState.swift */,
				EE418ADE2BCFD925008766A6 /* PresentationDetailViewModel.swift */,
				EE418ADF2BCFD925008766A6 /* PresentationDetailView.swift */,
			);
			path = PresentationsDetail;
			sourceTree = "<group>";
		};
		EE418AE02BCFD925008766A6 /* Presentations */ = {
			isa = PBXGroup;
			children = (
				EE418AE12BCFD925008766A6 /* PresentationsView.swift */,
				EE418AE22BCFD925008766A6 /* PresentationsViewModel.swift */,
				EE418AE32BCFD925008766A6 /* PresentationsRouter.swift */,
				EE418AE42BCFD925008766A6 /* PresentationsViewState.swift */,
			);
			path = Presentations;
			sourceTree = "<group>";
		};
		EE418AE52BCFD925008766A6 /* Main */ = {
			isa = PBXGroup;
			children = (
				EE418AE62BCFD925008766A6 /* MainVerifierRouter.swift */,
				EE418AE72BCFD925008766A6 /* MainVerifierView.swift */,
			);
			path = Main;
			sourceTree = "<group>";
		};
		EE418AE82BCFD925008766A6 /* PresentationCreate */ = {
			isa = PBXGroup;
			children = (
				EE418AE92BCFD925008766A6 /* CreatePresentationViewState.swift */,
				EE418AEA2BCFD925008766A6 /* CreatePresentationViewModel.swift */,
				EE418AEB2BCFD925008766A6 /* CreatePresentationView.swift */,
			);
			path = PresentationCreate;
			sourceTree = "<group>";
		};
		EE549F452ACC1F400038ED1D /* CredentialDetail */ = {
			isa = PBXGroup;
			children = (
				EE549F462ACC1F5E0038ED1D /* CredentialDetailView.swift */,
				EE549F482ACC1F7D0038ED1D /* CredentialDetailViewState.swift */,
				EE2D40962ACC470100CF9446 /* CredentialDetailViewModel.swift */,
			);
			path = CredentialDetail;
			sourceTree = "<group>";
		};
		EE6C38DD2946276F006CD2D3 /* Resources */ = {
			isa = PBXGroup;
			children = (
				EE0E1FAB29473B10003CD7D5 /* assets */,
				EE6C38E2294627B2006CD2D3 /* Localizable.strings */,
				EE6C38E429462822006CD2D3 /* Localizable.stringsdict */,
			);
			path = Resources;
			sourceTree = "<group>";
		};
		EE6C7F4729C234C200D866AD /* WalletDemo2 */ = {
			isa = PBXGroup;
			children = (
				EEE80CEA2C19B582000CB94B /* Backup */,
				EE8F37502B87738F00EC0638 /* Settings */,
				EE92C4422B7E2B9D00FC0B6E /* Common */,
				EE92C4322B7E1F2E00FC0B6E /* AddNewContact */,
				EE92C3C62B7E1BB400FC0B6E /* QRCode */,
				EEBC938929C730900015A36E /* Credentials */,
				EEECB28929C298DC00BBB4B9 /* Messages */,
				EEECB28429C28A6E00BBB4B9 /* Main */,
				EEECB27D29C2825400BBB4B9 /* Connections */,
				EE6C7F5229C2441600D866AD /* DIDs */,
				EE6C7F4829C234D400D866AD /* Mediator */,
			);
			path = WalletDemo2;
			sourceTree = "<group>";
		};
		EE6C7F4829C234D400D866AD /* Mediator */ = {
			isa = PBXGroup;
			children = (
				EE6C7F4929C234ED00D866AD /* MediatorPage */,
			);
			path = Mediator;
			sourceTree = "<group>";
		};
		EE6C7F4929C234ED00D866AD /* MediatorPage */ = {
			isa = PBXGroup;
			children = (
				EE6C7F4A29C2357A00D866AD /* MediatorPageStateView.swift */,
				EE6C7F4C29C2367400D866AD /* MediatorPageViewModel.swift */,
				EE6C7F5029C23A3400D866AD /* MediatorPageView.swift */,
			);
			path = MediatorPage;
			sourceTree = "<group>";
		};
		EE6C7F5229C2441600D866AD /* DIDs */ = {
			isa = PBXGroup;
			children = (
				EE75147A29C3764600FFFAA4 /* DIDList */,
				EE75147929C3759300FFFAA4 /* DIDDetail */,
			);
			path = DIDs;
			sourceTree = "<group>";
		};
		EE75147929C3759300FFFAA4 /* DIDDetail */ = {
			isa = PBXGroup;
			children = (
				EE75147B29C3766800FFFAA4 /* DIDDetailViewModel.swift */,
				EE75147D29C376E700FFFAA4 /* DIDDetailView.swift */,
				EE75147F29C378DB00FFFAA4 /* DIDDetailViewState.swift */,
			);
			path = DIDDetail;
			sourceTree = "<group>";
		};
		EE75147A29C3764600FFFAA4 /* DIDList */ = {
			isa = PBXGroup;
			children = (
				EE6C7F5329C2754500D866AD /* DIDListView.swift */,
				EE6C7F5529C2758100D866AD /* DIDListViewState.swift */,
				EE6C7F5729C275C400D866AD /* DIDListViewModel.swift */,
			);
			path = DIDList;
			sourceTree = "<group>";
		};
		EE8F37472B87496900EC0638 /* RequestDetail */ = {
			isa = PBXGroup;
			children = (
				EE8F37482B87498700EC0638 /* RequestDetailView.swift */,
				EE8F374A2B87499400EC0638 /* RequestDetailViewState.swift */,
				EE8F374C2B8749A400EC0638 /* RequestDetailViewModel.swift */,
				EE8F374E2B8749AF00EC0638 /* RequestDetailRouter.swift */,
			);
			path = RequestDetail;
			sourceTree = "<group>";
		};
		EE8F37502B87738F00EC0638 /* Settings */ = {
			isa = PBXGroup;
			children = (
				EE8F37512B87739D00EC0638 /* SettingsView.swift */,
				EE8F37552B8773F100EC0638 /* SettingsViewState.swift */,
				EE8F37572B87743D00EC0638 /* SettingsViewRouter.swift */,
			);
			path = Settings;
			sourceTree = "<group>";
		};
		EE92C3C62B7E1BB400FC0B6E /* QRCode */ = {
			isa = PBXGroup;
			children = (
				EE92C3CB2B7E1C0D00FC0B6E /* QRCodeScannerBuilder.swift */,
				EE92C3CC2B7E1C0D00FC0B6E /* QRCodeScannerRouter.swift */,
				EE92C3C72B7E1C0D00FC0B6E /* QRCodeScannerView.swift */,
				EE92C3CD2B7E1C0D00FC0B6E /* QRCodeScannerViewModel.swift */,
				EE92C3C82B7E1C0D00FC0B6E /* UI */,
			);
			path = QRCode;
			sourceTree = "<group>";
		};
		EE92C3C82B7E1C0D00FC0B6E /* UI */ = {
			isa = PBXGroup;
			children = (
				EE92C3C92B7E1C0D00FC0B6E /* QRScannerView.swift */,
				EE92C3CA2B7E1C0D00FC0B6E /* CameraViewController.swift */,
			);
			path = UI;
			sourceTree = "<group>";
		};
		EE92C3D52B7E1CA200FC0B6E /* AtalaSwiftUIComponents */ = {
			isa = PBXGroup;
			children = (
				EE75A2F629479488007D4405 /* FancyToast.swift */,
				EE75A2F8294794F8007D4405 /* FancyToastModifier.swift */,
				EE92C3D62B7E1CA200FC0B6E /* Modifiers */,
				EE92C3E02B7E1CA200FC0B6E /* Shapes */,
				EE92C3E22B7E1CA200FC0B6E /* CommonUI */,
				EE92C3FA2B7E1CA200FC0B6E /* Environment */,
				EE92C3FD2B7E1CA200FC0B6E /* PreferenceHelpers */,
				EE92C4002B7E1CA200FC0B6E /* NavigationUtils.swift */,
				EE566EDE2C9C4708004C4051 /* DeepLinkWebView.swift */,
			);
			path = AtalaSwiftUIComponents;
			sourceTree = "<group>";
		};
		EE92C3D62B7E1CA200FC0B6E /* Modifiers */ = {
			isa = PBXGroup;
			children = (
				EE92C3D72B7E1CA200FC0B6E /* RoundedRectBorderWithText.swift */,
				EE92C3D82B7E1CA200FC0B6E /* Button+Configurations.swift */,
				EE92C3DA2B7E1CA200FC0B6E /* NavigationBarUtilModifiers.swift */,
				EE92C3DC2B7E1CA200FC0B6E /* ClearFullCoverModifier.swift */,
				EE92C3DD2B7E1CA200FC0B6E /* AtalaNavigationBackButton.swift */,
				EE92C3DF2B7E1CA200FC0B6E /* LoadingModifier.swift */,
			);
			path = Modifiers;
			sourceTree = "<group>";
		};
		EE92C3E02B7E1CA200FC0B6E /* Shapes */ = {
			isa = PBXGroup;
			children = (
				EE92C3E12B7E1CA200FC0B6E /* SpecificRoundedRect.swift */,
			);
			path = Shapes;
			sourceTree = "<group>";
		};
		EE92C3E22B7E1CA200FC0B6E /* CommonUI */ = {
			isa = PBXGroup;
			children = (
				EE92C3E32B7E1CA200FC0B6E /* ClosableSheet.swift */,
				EE92C3E42B7E1CA200FC0B6E /* ErrorDialogView.swift */,
				EE92C3E62B7E1CA200FC0B6E /* EmptyNavigationLink.swift */,
				EE92C3E72B7E1CA200FC0B6E /* CheckButton.swift */,
				EE92C3E82B7E1CA200FC0B6E /* SelectCheckButton.swift */,
				EE92C3E92B7E1CA200FC0B6E /* FlowSuccessfulView.swift */,
				EE92C3EA2B7E1CA200FC0B6E /* PinInsertView.swift */,
				EE92C3EC2B7E1CA200FC0B6E /* ButtonNavigationLink.swift */,
				EE92C3ED2B7E1CA200FC0B6E /* WordTagGrid.swift */,
				EE92C3EE2B7E1CA200FC0B6E /* HyperlinkText.swift */,
				EE92C3EF2B7E1CA200FC0B6E /* LazyView.swift */,
				EE92C3F02B7E1CA200FC0B6E /* WebView.swift */,
				EE92C3F22B7E1CA200FC0B6E /* WordsTextFieldView.swift */,
				EE92C3F32B7E1CA200FC0B6E /* ErrorTextBox.swift */,
				EE92C3F42B7E1CA200FC0B6E /* WordTagEditable.swift */,
				EE92C3F52B7E1CA200FC0B6E /* DeleteView.swift */,
				EE92C3F62B7E1CA200FC0B6E /* ActivityView.swift */,
				EE92C3F72B7E1CA200FC0B6E /* AtalaButton.swift */,
				EE92C3F82B7E1CA200FC0B6E /* SearchBoxView.swift */,
			);
			path = CommonUI;
			sourceTree = "<group>";
		};
		EE92C3FA2B7E1CA200FC0B6E /* Environment */ = {
			isa = PBXGroup;
			children = (
				EE92C3FB2B7E1CA200FC0B6E /* RootPresentationMode.swift */,
				EE92C3FC2B7E1CA200FC0B6E /* IsLoadingEnvironmentValue.swift */,
			);
			path = Environment;
			sourceTree = "<group>";
		};
		EE92C3FD2B7E1CA200FC0B6E /* PreferenceHelpers */ = {
			isa = PBXGroup;
			children = (
				EE92C3FE2B7E1CA200FC0B6E /* IntrinsicSizePreferenceKey.swift */,
				EE92C3FF2B7E1CA200FC0B6E /* DisablePreferenceKey.swift */,
			);
			path = PreferenceHelpers;
			sourceTree = "<group>";
		};
		EE92C4012B7E1CA200FC0B6E /* SwiftTools */ = {
			isa = PBXGroup;
			children = (
				EEE620122937F1D40053AE52 /* PrintObjects.swift */,
				EE6C38DB294626E1006CD2D3 /* String+extensions.swift */,
				EE6C38EF29468196006CD2D3 /* DIContainer.swift */,
				EE6C39002946827B006CD2D3 /* ComponentContainer.swift */,
				EE6C390229468288006CD2D3 /* Builder.swift */,
				EE92C4032B7E1CA200FC0B6E /* URL+StringLiterals.swift */,
				EE92C4042B7E1CA200FC0B6E /* Combine+Drop.swift */,
				EE92C4052B7E1CA200FC0B6E /* Array+Helpers.swift */,
			);
			path = SwiftTools;
			sourceTree = "<group>";
		};
		EE92C4322B7E1F2E00FC0B6E /* AddNewContact */ = {
			isa = PBXGroup;
			children = (
				EE92C43A2B7E1F6A00FC0B6E /* AddNewContactBuilder.swift */,
				EE92C4392B7E1F6A00FC0B6E /* AddNewContactState.swift */,
				EE92C4332B7E1F6A00FC0B6E /* AddNewContactView.swift */,
				EE92C4342B7E1F6A00FC0B6E /* AddNewContactViewModel.swift */,
				EE92C4352B7E1F6A00FC0B6E /* UI */,
			);
			path = AddNewContact;
			sourceTree = "<group>";
		};
		EE92C4352B7E1F6A00FC0B6E /* UI */ = {
			isa = PBXGroup;
			children = (
				EE92C4362B7E1F6A00FC0B6E /* AlreadyConnectedView.swift */,
				EE92C4372B7E1F6A00FC0B6E /* ConfirmConnectionView.swift */,
				EE92C4382B7E1F6A00FC0B6E /* InsertCodeView.swift */,
			);
			path = UI;
			sourceTree = "<group>";
		};
		EE92C4422B7E2B9D00FC0B6E /* Common */ = {
			isa = PBXGroup;
			children = (
				EE92C4432B7E2BAB00FC0B6E /* DisplayErrorState.swift */,
			);
			path = Common;
			sourceTree = "<group>";
		};
		EEB7D32029420155006E076D /* SetupPrismAgent */ = {
			isa = PBXGroup;
			children = (
				EEB7D32129420180006E076D /* SetupPrismAgentView.swift */,
				EEB7D3232942018C006E076D /* SetupPrismAgentViewModel.swift */,
			);
			path = SetupPrismAgent;
			sourceTree = "<group>";
		};
		EEBC938929C730900015A36E /* Credentials */ = {
			isa = PBXGroup;
			children = (
				EE8F37472B87496900EC0638 /* RequestDetail */,
				EE549F452ACC1F400038ED1D /* CredentialDetail */,
				EEBC939229C7354E0015A36E /* CredentialsList */,
			);
			path = Credentials;
			sourceTree = "<group>";
		};
		EEBC939229C7354E0015A36E /* CredentialsList */ = {
			isa = PBXGroup;
			children = (
				EEBC938C29C730FA0015A36E /* CredentialListView.swift */,
				EEBC938E29C7311C0015A36E /* CredentialListViewState.swift */,
				EEBC939429C735910015A36E /* CredentialListViewModel.swift */,
				EEBC939629C737DE0015A36E /* CredentialListRouter.swift */,
				EE6FE6D12BFE0691001673F3 /* MockAnoncredsIssuer.swift */,
			);
			path = CredentialsList;
			sourceTree = "<group>";
		};
		EEE61FAD2937CA280053AE52 = {
			isa = PBXGroup;
			children = (
				EEE61FB82937CA280053AE52 /* AtalaPrismWalletDemo */,
				EEE61FB72937CA280053AE52 /* Products */,
				EEE61FEB2937DCBE0053AE52 /* Frameworks */,
			);
			sourceTree = "<group>";
		};
		EEE61FB72937CA280053AE52 /* Products */ = {
			isa = PBXGroup;
			children = (
				EEE61FB62937CA280053AE52 /* AtalaPrismWalletDemo.app */,
			);
			name = Products;
			sourceTree = "<group>";
		};
		EEE61FB82937CA280053AE52 /* AtalaPrismWalletDemo */ = {
			isa = PBXGroup;
			children = (
				EE6C38DD2946276F006CD2D3 /* Resources */,
				EEE620312937FF2C0053AE52 /* Info.plist */,
				EEE620112937F1C30053AE52 /* Helper */,
				EEE61FDE2937CE970053AE52 /* Modules */,
				EEE61FB92937CA280053AE52 /* AtalaPrismWalletDemoApp.swift */,
				EEE61FBB2937CA280053AE52 /* FuncionalitiesList.swift */,
				EEE61FBF2937CA2A0053AE52 /* Preview Content */,
			);
			path = AtalaPrismWalletDemo;
			sourceTree = "<group>";
		};
		EEE61FBF2937CA2A0053AE52 /* Preview Content */ = {
			isa = PBXGroup;
			children = (
				EEE61FC02937CA2A0053AE52 /* Preview Assets.xcassets */,
			);
			path = "Preview Content";
			sourceTree = "<group>";
		};
		EEE61FDE2937CE970053AE52 /* Modules */ = {
			isa = PBXGroup;
			children = (
				EE418ADB2BCFD925008766A6 /* Verifier */,
				EE6C7F4729C234C200D866AD /* WalletDemo2 */,
				EEB7D32029420155006E076D /* SetupPrismAgent */,
				EEE6202C2937FD4B0053AE52 /* AuthenticateWallet */,
				EEE620142937F2C80053AE52 /* SigningVerification */,
				EEE61FE22937D5140053AE52 /* DID */,
				EEE61FE12937D5090053AE52 /* Seed */,
			);
			path = Modules;
			sourceTree = "<group>";
		};
		EEE61FE12937D5090053AE52 /* Seed */ = {
			isa = PBXGroup;
			children = (
				EEE61FDF2937CEAA0053AE52 /* SeedViewModel.swift */,
				EEE61FDC2937CD7A0053AE52 /* SeedFuncionalitiesView.swift */,
			);
			path = Seed;
			sourceTree = "<group>";
		};
		EEE61FE22937D5140053AE52 /* DID */ = {
			isa = PBXGroup;
			children = (
				EEE61FE32937D5560053AE52 /* DIDFuncionalitiesViewModel.swift */,
				EEE61FE72937D7EE0053AE52 /* DIDFuncionalitiesView.swift */,
			);
			path = DID;
			sourceTree = "<group>";
		};
		EEE61FEB2937DCBE0053AE52 /* Frameworks */ = {
			isa = PBXGroup;
			children = (
			);
			name = Frameworks;
			sourceTree = "<group>";
		};
		EEE620112937F1C30053AE52 /* Helper */ = {
			isa = PBXGroup;
			children = (
				EE92C4012B7E1CA200FC0B6E /* SwiftTools */,
				EE92C3D52B7E1CA200FC0B6E /* AtalaSwiftUIComponents */,
			);
			path = Helper;
			sourceTree = "<group>";
		};
		EEE620142937F2C80053AE52 /* SigningVerification */ = {
			isa = PBXGroup;
			children = (
				EEE620152937F3110053AE52 /* SigningVerificationViewModel.swift */,
				EEE620172937F6870053AE52 /* SigningVerificationView.swift */,
			);
			path = SigningVerification;
			sourceTree = "<group>";
		};
		EEE6202C2937FD4B0053AE52 /* AuthenticateWallet */ = {
			isa = PBXGroup;
			children = (
				EEE6202D2937FDE50053AE52 /* AuthenticateWalletView.swift */,
				EEE6202E2937FDE50053AE52 /* AuthenticateWalletViewModel.swift */,
			);
			path = AuthenticateWallet;
			sourceTree = "<group>";
		};
		EEE80CEA2C19B582000CB94B /* Backup */ = {
			isa = PBXGroup;
			children = (
				EEE80CED2C19B5A2000CB94B /* BackupViewBuilder.swift */,
				EEE80CEF2C19B5AF000CB94B /* BackupViewModel.swift */,
				EEE80CF12C19B5C3000CB94B /* BackupView.swift */,
			);
			path = Backup;
			sourceTree = "<group>";
		};
		EEECB27D29C2825400BBB4B9 /* Connections */ = {
			isa = PBXGroup;
			children = (
				EEECB27E29C282A800BBB4B9 /* ConnectionsListView.swift */,
				EEECB28029C282D500BBB4B9 /* ConnectionsViewState.swift */,
				EEECB28229C2831E00BBB4B9 /* ConnectionsListViewModel.swift */,
				EE92C4452B7E2D8500FC0B6E /* ConnectionsListRouter.swift */,
			);
			path = Connections;
			sourceTree = "<group>";
		};
		EEECB28429C28A6E00BBB4B9 /* Main */ = {
			isa = PBXGroup;
			children = (
				EEECB28529C28A8400BBB4B9 /* Main2View.swift */,
				EEECB28729C28CA100BBB4B9 /* Main2Router.swift */,
			);
			path = Main;
			sourceTree = "<group>";
		};
		EEECB28929C298DC00BBB4B9 /* Messages */ = {
			isa = PBXGroup;
			children = (
				EEECB29329C2A45D00BBB4B9 /* MessageDetail */,
				EEECB28A29C298EC00BBB4B9 /* MessagesList */,
			);
			path = Messages;
			sourceTree = "<group>";
		};
		EEECB28A29C298EC00BBB4B9 /* MessagesList */ = {
			isa = PBXGroup;
			children = (
				EEECB28B29C29A5400BBB4B9 /* MessagesListView.swift */,
				EEECB28D29C29A7300BBB4B9 /* MessagesListViewState.swift */,
				EEECB28F29C29F0700BBB4B9 /* MessagesListViewModel.swift */,
				EEECB29129C2A37700BBB4B9 /* MessagesListRouter.swift */,
			);
			path = MessagesList;
			sourceTree = "<group>";
		};
		EEECB29329C2A45D00BBB4B9 /* MessageDetail */ = {
			isa = PBXGroup;
			children = (
				EEECB29429C2A48B00BBB4B9 /* MessageDetailView.swift */,
				EEECB29629C2A4AA00BBB4B9 /* MessageDetailViewState.swift */,
				EEECB29829C309FC00BBB4B9 /* MessageDetailViewModel.swift */,
			);
			path = MessageDetail;
			sourceTree = "<group>";
		};
/* End PBXGroup section */

/* Begin PBXNativeTarget section */
		EEE61FB52937CA280053AE52 /* AtalaPrismWalletDemo */ = {
			isa = PBXNativeTarget;
			buildConfigurationList = EEE61FC42937CA2A0053AE52 /* Build configuration list for PBXNativeTarget "AtalaPrismWalletDemo" */;
			buildPhases = (
				EEE61FB22937CA280053AE52 /* Sources */,
				EEE61FB32937CA280053AE52 /* Frameworks */,
				EEE61FB42937CA280053AE52 /* Resources */,
			);
			buildRules = (
			);
			dependencies = (
			);
			name = AtalaPrismWalletDemo;
			packageProductDependencies = (
				EE38134F2938D5B100A3A710 /* Apollo */,
				EE3813512938D5B100A3A710 /* Authenticate */,
				EE3813532938D5B100A3A710 /* Builders */,
				EE3813552938D5B100A3A710 /* Castor */,
				EE3813572938D5B100A3A710 /* Domain */,
				EE3813592938D5B100A3A710 /* Mercury */,
				EE38135B2938D5B100A3A710 /* Pluto */,
				EE38135D2938D5B100A3A710 /* Pollux */,
				EEC5A8382BEA5E3A00AED928 /* EdgeAgent */,
				EEC222692CF77437004F2CA5 /* Apollo */,
				EEC2226B2CF77437004F2CA5 /* Authenticate */,
				EEC2226D2CF77437004F2CA5 /* Builders */,
				EEC2226F2CF77437004F2CA5 /* Castor */,
				EEC222712CF77437004F2CA5 /* Domain */,
			);
			productName = AtalaPrismWalletDemo;
			productReference = EEE61FB62937CA280053AE52 /* AtalaPrismWalletDemo.app */;
			productType = "com.apple.product-type.application";
		};
/* End PBXNativeTarget section */

/* Begin PBXProject section */
		EEE61FAE2937CA280053AE52 /* Project object */ = {
			isa = PBXProject;
			attributes = {
				BuildIndependentTargetsInParallel = 1;
				LastSwiftUpdateCheck = 1400;
				LastUpgradeCheck = 1400;
				TargetAttributes = {
					EEE61FB52937CA280053AE52 = {
						CreatedOnToolsVersion = 14.0;
					};
				};
			};
			buildConfigurationList = EEE61FB12937CA280053AE52 /* Build configuration list for PBXProject "AtalaPrismWalletDemo" */;
			compatibilityVersion = "Xcode 14.0";
			developmentRegion = en;
			hasScannedForEncodings = 0;
			knownRegions = (
				en,
				Base,
			);
			mainGroup = EEE61FAD2937CA280053AE52;
			packageReferences = (
				EEC222682CF77437004F2CA5 /* XCRemoteSwiftPackageReference "identus-edge-agent-sdk-swift" */,
			);
			productRefGroup = EEE61FB72937CA280053AE52 /* Products */;
			projectDirPath = "";
			projectRoot = "";
			targets = (
				EEE61FB52937CA280053AE52 /* AtalaPrismWalletDemo */,
			);
		};
/* End PBXProject section */

/* Begin PBXResourcesBuildPhase section */
		EEE61FB42937CA280053AE52 /* Resources */ = {
			isa = PBXResourcesBuildPhase;
			buildActionMask = 2147483647;
			files = (
				EE0E1FB329473B10003CD7D5 /* SteradianMedium.otf in Resources */,
				EE0E1FB429473B10003CD7D5 /* SteradianRegular.otf in Resources */,
				EEE61FC12937CA2A0053AE52 /* Preview Assets.xcassets in Resources */,
				EE0E1FB229473B10003CD7D5 /* SteradianBold.otf in Resources */,
				EE6C38E529462822006CD2D3 /* Localizable.stringsdict in Resources */,
				EE0E1FB129473B10003CD7D5 /* Assets.xcassets in Resources */,
				EE6C38E3294627B2006CD2D3 /* Localizable.strings in Resources */,
			);
			runOnlyForDeploymentPostprocessing = 0;
		};
/* End PBXResourcesBuildPhase section */

/* Begin PBXSourcesBuildPhase section */
		EEE61FB22937CA280053AE52 /* Sources */ = {
			isa = PBXSourcesBuildPhase;
			buildActionMask = 2147483647;
			files = (
				EE418AF72BCFD926008766A6 /* CreatePresentationView.swift in Sources */,
				EEECB29029C29F0700BBB4B9 /* MessagesListViewModel.swift in Sources */,
				EE8F374F2B8749AF00EC0638 /* RequestDetailRouter.swift in Sources */,
				EE92C42C2B7E1CA200FC0B6E /* NavigationUtils.swift in Sources */,
				EE92C40F2B7E1CA200FC0B6E /* LoadingModifier.swift in Sources */,
				EE92C4282B7E1CA200FC0B6E /* RootPresentationMode.swift in Sources */,
				EEBC939729C737DE0015A36E /* CredentialListRouter.swift in Sources */,
				EE92C42F2B7E1CA200FC0B6E /* Combine+Drop.swift in Sources */,
				EEB7D3242942018C006E076D /* SetupPrismAgentViewModel.swift in Sources */,
				EE92C43C2B7E1F6A00FC0B6E /* AddNewContactViewModel.swift in Sources */,
				EEE620132937F1D40053AE52 /* PrintObjects.swift in Sources */,
				EEECB29929C309FC00BBB4B9 /* MessageDetailViewModel.swift in Sources */,
				EE92C42E2B7E1CA200FC0B6E /* URL+StringLiterals.swift in Sources */,
				EE418AF52BCFD926008766A6 /* CreatePresentationViewState.swift in Sources */,
				EEECB28C29C29A5400BBB4B9 /* MessagesListView.swift in Sources */,
				EE8F37562B8773F100EC0638 /* SettingsViewState.swift in Sources */,
				EEE620302937FDE50053AE52 /* AuthenticateWalletViewModel.swift in Sources */,
				EE92C40C2B7E1CA200FC0B6E /* ClearFullCoverModifier.swift in Sources */,
				EE92C41B2B7E1CA200FC0B6E /* WordTagGrid.swift in Sources */,
				EE418AED2BCFD926008766A6 /* PresentationDetailViewModel.swift in Sources */,
				EE566EDF2C9C4708004C4051 /* DeepLinkWebView.swift in Sources */,
				EE75147E29C376E700FFFAA4 /* DIDDetailView.swift in Sources */,
				EEE61FE02937CEAA0053AE52 /* SeedViewModel.swift in Sources */,
				EE92C41E2B7E1CA200FC0B6E /* WebView.swift in Sources */,
				EEBC939529C735910015A36E /* CredentialListViewModel.swift in Sources */,
				EEE80CF02C19B5AF000CB94B /* BackupViewModel.swift in Sources */,
				EE6C38DC294626E1006CD2D3 /* String+extensions.swift in Sources */,
				EE92C40A2B7E1CA200FC0B6E /* NavigationBarUtilModifiers.swift in Sources */,
				EE92C4262B7E1CA200FC0B6E /* SearchBoxView.swift in Sources */,
				EE92C4462B7E2D8500FC0B6E /* ConnectionsListRouter.swift in Sources */,
				EE92C41A2B7E1CA200FC0B6E /* ButtonNavigationLink.swift in Sources */,
				EEE80CF22C19B5C3000CB94B /* BackupView.swift in Sources */,
				EE92C42A2B7E1CA200FC0B6E /* IntrinsicSizePreferenceKey.swift in Sources */,
				EE92C40D2B7E1CA200FC0B6E /* AtalaNavigationBackButton.swift in Sources */,
				EE92C4172B7E1CA200FC0B6E /* FlowSuccessfulView.swift in Sources */,
				EE92C43F2B7E1F6A00FC0B6E /* InsertCodeView.swift in Sources */,
				EEE61FE82937D7EE0053AE52 /* DIDFuncionalitiesView.swift in Sources */,
				EEE61FBC2937CA280053AE52 /* FuncionalitiesList.swift in Sources */,
				EEE61FDD2937CD7A0053AE52 /* SeedFuncionalitiesView.swift in Sources */,
				EE75A2F9294794F9007D4405 /* FancyToastModifier.swift in Sources */,
				EE549F492ACC1F7D0038ED1D /* CredentialDetailViewState.swift in Sources */,
				EE92C43E2B7E1F6A00FC0B6E /* ConfirmConnectionView.swift in Sources */,
				EE418AF32BCFD926008766A6 /* MainVerifierRouter.swift in Sources */,
				EEE80CEE2C19B5A2000CB94B /* BackupViewBuilder.swift in Sources */,
				EE8F37522B87739D00EC0638 /* SettingsView.swift in Sources */,
				EE92C3D12B7E1C0D00FC0B6E /* QRCodeScannerBuilder.swift in Sources */,
				EE92C3D02B7E1C0D00FC0B6E /* CameraViewController.swift in Sources */,
				EE92C3CE2B7E1C0D00FC0B6E /* QRCodeScannerView.swift in Sources */,
				EE418AEE2BCFD926008766A6 /* PresentationDetailView.swift in Sources */,
				EE8F37582B87743D00EC0638 /* SettingsViewRouter.swift in Sources */,
				EE6C7F5429C2754500D866AD /* DIDListView.swift in Sources */,
				EE6C7F4B29C2357A00D866AD /* MediatorPageStateView.swift in Sources */,
				EEECB29229C2A37700BBB4B9 /* MessagesListRouter.swift in Sources */,
				EE92C4182B7E1CA200FC0B6E /* PinInsertView.swift in Sources */,
				EE418AEF2BCFD926008766A6 /* PresentationsView.swift in Sources */,
				EE75148029C378DB00FFFAA4 /* DIDDetailViewState.swift in Sources */,
				EE92C42B2B7E1CA200FC0B6E /* DisablePreferenceKey.swift in Sources */,
				EE6FE6D22BFE0691001673F3 /* MockAnoncredsIssuer.swift in Sources */,
				EE6C7F5129C23A3400D866AD /* MediatorPageView.swift in Sources */,
				EE92C43D2B7E1F6A00FC0B6E /* AlreadyConnectedView.swift in Sources */,
				EE75A2F729479488007D4405 /* FancyToast.swift in Sources */,
				EE75147C29C3766800FFFAA4 /* DIDDetailViewModel.swift in Sources */,
				EE92C4302B7E1CA200FC0B6E /* Array+Helpers.swift in Sources */,
				EE92C3D32B7E1C0D00FC0B6E /* QRCodeScannerViewModel.swift in Sources */,
				EE6C7F5629C2758100D866AD /* DIDListViewState.swift in Sources */,
				EE92C4162B7E1CA200FC0B6E /* SelectCheckButton.swift in Sources */,
				EE92C4072B7E1CA200FC0B6E /* RoundedRectBorderWithText.swift in Sources */,
				EE6C39012946827B006CD2D3 /* ComponentContainer.swift in Sources */,
				EE418AF42BCFD926008766A6 /* MainVerifierView.swift in Sources */,
				EEE61FE42937D5560053AE52 /* DIDFuncionalitiesViewModel.swift in Sources */,
				EEE6202F2937FDE50053AE52 /* AuthenticateWalletView.swift in Sources */,
				EEE620182937F6870053AE52 /* SigningVerificationView.swift in Sources */,
				EE92C3CF2B7E1C0D00FC0B6E /* QRScannerView.swift in Sources */,
				EEE61FBA2937CA280053AE52 /* AtalaPrismWalletDemoApp.swift in Sources */,
				EE92C4122B7E1CA200FC0B6E /* ErrorDialogView.swift in Sources */,
				EE92C4152B7E1CA200FC0B6E /* CheckButton.swift in Sources */,
				EE92C41D2B7E1CA200FC0B6E /* LazyView.swift in Sources */,
				EE2D40972ACC470100CF9446 /* CredentialDetailViewModel.swift in Sources */,
				EE92C4202B7E1CA200FC0B6E /* WordsTextFieldView.swift in Sources */,
				EE92C4442B7E2BAB00FC0B6E /* DisplayErrorState.swift in Sources */,
				EEECB28129C282D500BBB4B9 /* ConnectionsViewState.swift in Sources */,
				EE92C3D22B7E1C0D00FC0B6E /* QRCodeScannerRouter.swift in Sources */,
				EE92C4212B7E1CA200FC0B6E /* ErrorTextBox.swift in Sources */,
				EEECB27F29C282A800BBB4B9 /* ConnectionsListView.swift in Sources */,
				EE418AF12BCFD926008766A6 /* PresentationsRouter.swift in Sources */,
				EE92C4232B7E1CA200FC0B6E /* DeleteView.swift in Sources */,
				EE8F374D2B8749A400EC0638 /* RequestDetailViewModel.swift in Sources */,
				EE8F374B2B87499400EC0638 /* RequestDetailViewState.swift in Sources */,
				EEECB29529C2A48B00BBB4B9 /* MessageDetailView.swift in Sources */,
				EE6C390329468288006CD2D3 /* Builder.swift in Sources */,
				EE418AEC2BCFD926008766A6 /* PresentationDetailViewState.swift in Sources */,
				EEECB29729C2A4AA00BBB4B9 /* MessageDetailViewState.swift in Sources */,
				EE549F472ACC1F5E0038ED1D /* CredentialDetailView.swift in Sources */,
				EE6C7F5829C275C400D866AD /* DIDListViewModel.swift in Sources */,
				EE6C7F4D29C2367400D866AD /* MediatorPageViewModel.swift in Sources */,
				EEBC938D29C730FA0015A36E /* CredentialListView.swift in Sources */,
				EE92C4402B7E1F6A00FC0B6E /* AddNewContactState.swift in Sources */,
				EEECB28329C2831E00BBB4B9 /* ConnectionsListViewModel.swift in Sources */,
				EE8F37492B87498700EC0638 /* RequestDetailView.swift in Sources */,
				EE418AF22BCFD926008766A6 /* PresentationsViewState.swift in Sources */,
				EE418AF62BCFD926008766A6 /* CreatePresentationViewModel.swift in Sources */,
				EE92C41C2B7E1CA200FC0B6E /* HyperlinkText.swift in Sources */,
				EEBC938F29C7311C0015A36E /* CredentialListViewState.swift in Sources */,
				EE92C4242B7E1CA200FC0B6E /* ActivityView.swift in Sources */,
				EE92C4112B7E1CA200FC0B6E /* ClosableSheet.swift in Sources */,
				EE92C4082B7E1CA200FC0B6E /* Button+Configurations.swift in Sources */,
				EE92C43B2B7E1F6A00FC0B6E /* AddNewContactView.swift in Sources */,
				EEECB28829C28CA100BBB4B9 /* Main2Router.swift in Sources */,
				EE92C4222B7E1CA200FC0B6E /* WordTagEditable.swift in Sources */,
				EE92C4252B7E1CA200FC0B6E /* AtalaButton.swift in Sources */,
				EE418AF02BCFD926008766A6 /* PresentationsViewModel.swift in Sources */,
				EE92C4292B7E1CA200FC0B6E /* IsLoadingEnvironmentValue.swift in Sources */,
				EE92C4102B7E1CA200FC0B6E /* SpecificRoundedRect.swift in Sources */,
				EEB7D32229420180006E076D /* SetupPrismAgentView.swift in Sources */,
				EEECB28E29C29A7300BBB4B9 /* MessagesListViewState.swift in Sources */,
				EE92C4142B7E1CA200FC0B6E /* EmptyNavigationLink.swift in Sources */,
				EE6C38F029468196006CD2D3 /* DIContainer.swift in Sources */,
				EEECB28629C28A8400BBB4B9 /* Main2View.swift in Sources */,
				EEE620162937F3110053AE52 /* SigningVerificationViewModel.swift in Sources */,
				EE92C4412B7E1F6A00FC0B6E /* AddNewContactBuilder.swift in Sources */,
			);
			runOnlyForDeploymentPostprocessing = 0;
		};
/* End PBXSourcesBuildPhase section */

/* Begin XCBuildConfiguration section */
		EEE61FC22937CA2A0053AE52 /* Debug */ = {
			isa = XCBuildConfiguration;
			buildSettings = {
				ALWAYS_SEARCH_USER_PATHS = NO;
				CLANG_ANALYZER_NONNULL = YES;
				CLANG_ANALYZER_NUMBER_OBJECT_CONVERSION = YES_AGGRESSIVE;
				CLANG_CXX_LANGUAGE_STANDARD = "gnu++20";
				CLANG_ENABLE_MODULES = YES;
				CLANG_ENABLE_OBJC_ARC = YES;
				CLANG_ENABLE_OBJC_WEAK = YES;
				CLANG_WARN_BLOCK_CAPTURE_AUTORELEASING = YES;
				CLANG_WARN_BOOL_CONVERSION = YES;
				CLANG_WARN_COMMA = YES;
				CLANG_WARN_CONSTANT_CONVERSION = YES;
				CLANG_WARN_DEPRECATED_OBJC_IMPLEMENTATIONS = YES;
				CLANG_WARN_DIRECT_OBJC_ISA_USAGE = YES_ERROR;
				CLANG_WARN_DOCUMENTATION_COMMENTS = YES;
				CLANG_WARN_EMPTY_BODY = YES;
				CLANG_WARN_ENUM_CONVERSION = YES;
				CLANG_WARN_INFINITE_RECURSION = YES;
				CLANG_WARN_INT_CONVERSION = YES;
				CLANG_WARN_NON_LITERAL_NULL_CONVERSION = YES;
				CLANG_WARN_OBJC_IMPLICIT_RETAIN_SELF = YES;
				CLANG_WARN_OBJC_LITERAL_CONVERSION = YES;
				CLANG_WARN_OBJC_ROOT_CLASS = YES_ERROR;
				CLANG_WARN_QUOTED_INCLUDE_IN_FRAMEWORK_HEADER = YES;
				CLANG_WARN_RANGE_LOOP_ANALYSIS = YES;
				CLANG_WARN_STRICT_PROTOTYPES = YES;
				CLANG_WARN_SUSPICIOUS_MOVE = YES;
				CLANG_WARN_UNGUARDED_AVAILABILITY = YES_AGGRESSIVE;
				CLANG_WARN_UNREACHABLE_CODE = YES;
				CLANG_WARN__DUPLICATE_METHOD_MATCH = YES;
				COPY_PHASE_STRIP = NO;
				DEBUG_INFORMATION_FORMAT = dwarf;
				ENABLE_STRICT_OBJC_MSGSEND = YES;
				ENABLE_TESTABILITY = YES;
				GCC_C_LANGUAGE_STANDARD = gnu11;
				GCC_DYNAMIC_NO_PIC = NO;
				GCC_NO_COMMON_BLOCKS = YES;
				GCC_OPTIMIZATION_LEVEL = 0;
				GCC_PREPROCESSOR_DEFINITIONS = (
					"DEBUG=1",
					"$(inherited)",
				);
				GCC_WARN_64_TO_32_BIT_CONVERSION = YES;
				GCC_WARN_ABOUT_RETURN_TYPE = YES_ERROR;
				GCC_WARN_UNDECLARED_SELECTOR = YES;
				GCC_WARN_UNINITIALIZED_AUTOS = YES_AGGRESSIVE;
				GCC_WARN_UNUSED_FUNCTION = YES;
				GCC_WARN_UNUSED_VARIABLE = YES;
				IPHONEOS_DEPLOYMENT_TARGET = 16.0;
				MTL_ENABLE_DEBUG_INFO = INCLUDE_SOURCE;
				MTL_FAST_MATH = YES;
				ONLY_ACTIVE_ARCH = YES;
				SDKROOT = iphoneos;
				SWIFT_ACTIVE_COMPILATION_CONDITIONS = DEBUG;
				SWIFT_OPTIMIZATION_LEVEL = "-Onone";
			};
			name = Debug;
		};
		EEE61FC32937CA2A0053AE52 /* Release */ = {
			isa = XCBuildConfiguration;
			buildSettings = {
				ALWAYS_SEARCH_USER_PATHS = NO;
				CLANG_ANALYZER_NONNULL = YES;
				CLANG_ANALYZER_NUMBER_OBJECT_CONVERSION = YES_AGGRESSIVE;
				CLANG_CXX_LANGUAGE_STANDARD = "gnu++20";
				CLANG_ENABLE_MODULES = YES;
				CLANG_ENABLE_OBJC_ARC = YES;
				CLANG_ENABLE_OBJC_WEAK = YES;
				CLANG_WARN_BLOCK_CAPTURE_AUTORELEASING = YES;
				CLANG_WARN_BOOL_CONVERSION = YES;
				CLANG_WARN_COMMA = YES;
				CLANG_WARN_CONSTANT_CONVERSION = YES;
				CLANG_WARN_DEPRECATED_OBJC_IMPLEMENTATIONS = YES;
				CLANG_WARN_DIRECT_OBJC_ISA_USAGE = YES_ERROR;
				CLANG_WARN_DOCUMENTATION_COMMENTS = YES;
				CLANG_WARN_EMPTY_BODY = YES;
				CLANG_WARN_ENUM_CONVERSION = YES;
				CLANG_WARN_INFINITE_RECURSION = YES;
				CLANG_WARN_INT_CONVERSION = YES;
				CLANG_WARN_NON_LITERAL_NULL_CONVERSION = YES;
				CLANG_WARN_OBJC_IMPLICIT_RETAIN_SELF = YES;
				CLANG_WARN_OBJC_LITERAL_CONVERSION = YES;
				CLANG_WARN_OBJC_ROOT_CLASS = YES_ERROR;
				CLANG_WARN_QUOTED_INCLUDE_IN_FRAMEWORK_HEADER = YES;
				CLANG_WARN_RANGE_LOOP_ANALYSIS = YES;
				CLANG_WARN_STRICT_PROTOTYPES = YES;
				CLANG_WARN_SUSPICIOUS_MOVE = YES;
				CLANG_WARN_UNGUARDED_AVAILABILITY = YES_AGGRESSIVE;
				CLANG_WARN_UNREACHABLE_CODE = YES;
				CLANG_WARN__DUPLICATE_METHOD_MATCH = YES;
				COPY_PHASE_STRIP = NO;
				DEBUG_INFORMATION_FORMAT = "dwarf-with-dsym";
				ENABLE_NS_ASSERTIONS = NO;
				ENABLE_STRICT_OBJC_MSGSEND = YES;
				GCC_C_LANGUAGE_STANDARD = gnu11;
				GCC_NO_COMMON_BLOCKS = YES;
				GCC_WARN_64_TO_32_BIT_CONVERSION = YES;
				GCC_WARN_ABOUT_RETURN_TYPE = YES_ERROR;
				GCC_WARN_UNDECLARED_SELECTOR = YES;
				GCC_WARN_UNINITIALIZED_AUTOS = YES_AGGRESSIVE;
				GCC_WARN_UNUSED_FUNCTION = YES;
				GCC_WARN_UNUSED_VARIABLE = YES;
				IPHONEOS_DEPLOYMENT_TARGET = 16.0;
				MTL_ENABLE_DEBUG_INFO = NO;
				MTL_FAST_MATH = YES;
				SDKROOT = iphoneos;
				SWIFT_COMPILATION_MODE = wholemodule;
				SWIFT_OPTIMIZATION_LEVEL = "-O";
				VALIDATE_PRODUCT = YES;
			};
			name = Release;
		};
		EEE61FC52937CA2A0053AE52 /* Debug */ = {
			isa = XCBuildConfiguration;
			buildSettings = {
				ASSETCATALOG_COMPILER_APPICON_NAME = AppIcon;
				ASSETCATALOG_COMPILER_GLOBAL_ACCENT_COLOR_NAME = AccentColor;
				CODE_SIGN_STYLE = Automatic;
				CURRENT_PROJECT_VERSION = 1;
				DEVELOPMENT_ASSET_PATHS = "\"AtalaPrismWalletDemo/Preview Content\"";
				DEVELOPMENT_TEAM = 89TW38X994;
				ENABLE_PREVIEWS = YES;
				GENERATE_INFOPLIST_FILE = YES;
				INFOPLIST_FILE = AtalaPrismWalletDemo/Info.plist;
				INFOPLIST_KEY_CFBundleDisplayName = "Atala PRISM Wallet Demo";
				INFOPLIST_KEY_NSCameraUsageDescription = NSCameraUsageDescription;
				INFOPLIST_KEY_UIApplicationSceneManifest_Generation = YES;
				INFOPLIST_KEY_UIApplicationSupportsIndirectInputEvents = YES;
				INFOPLIST_KEY_UILaunchScreen_Generation = YES;
				INFOPLIST_KEY_UISupportedInterfaceOrientations_iPad = "UIInterfaceOrientationPortrait UIInterfaceOrientationPortraitUpsideDown UIInterfaceOrientationLandscapeLeft UIInterfaceOrientationLandscapeRight";
				INFOPLIST_KEY_UISupportedInterfaceOrientations_iPhone = "UIInterfaceOrientationPortrait UIInterfaceOrientationLandscapeLeft UIInterfaceOrientationLandscapeRight";
				IPHONEOS_DEPLOYMENT_TARGET = 16.0;
				LD_RUNPATH_SEARCH_PATHS = (
					"$(inherited)",
					"@executable_path/Frameworks",
				);
				MARKETING_VERSION = 0.3.4;
				PRODUCT_BUNDLE_IDENTIFIER = io.atalaprism.app;
				PRODUCT_NAME = "$(TARGET_NAME)";
				SWIFT_EMIT_LOC_STRINGS = YES;
				SWIFT_VERSION = 5.0;
				TARGETED_DEVICE_FAMILY = "1,2";
			};
			name = Debug;
		};
		EEE61FC62937CA2A0053AE52 /* Release */ = {
			isa = XCBuildConfiguration;
			buildSettings = {
				ASSETCATALOG_COMPILER_APPICON_NAME = AppIcon;
				ASSETCATALOG_COMPILER_GLOBAL_ACCENT_COLOR_NAME = AccentColor;
				CODE_SIGN_STYLE = Automatic;
				CURRENT_PROJECT_VERSION = 1;
				DEVELOPMENT_ASSET_PATHS = "\"AtalaPrismWalletDemo/Preview Content\"";
				DEVELOPMENT_TEAM = 89TW38X994;
				ENABLE_PREVIEWS = YES;
				GENERATE_INFOPLIST_FILE = YES;
				INFOPLIST_FILE = AtalaPrismWalletDemo/Info.plist;
				INFOPLIST_KEY_CFBundleDisplayName = "Atala PRISM Wallet Demo";
				INFOPLIST_KEY_NSCameraUsageDescription = NSCameraUsageDescription;
				INFOPLIST_KEY_UIApplicationSceneManifest_Generation = YES;
				INFOPLIST_KEY_UIApplicationSupportsIndirectInputEvents = YES;
				INFOPLIST_KEY_UILaunchScreen_Generation = YES;
				INFOPLIST_KEY_UISupportedInterfaceOrientations_iPad = "UIInterfaceOrientationPortrait UIInterfaceOrientationPortraitUpsideDown UIInterfaceOrientationLandscapeLeft UIInterfaceOrientationLandscapeRight";
				INFOPLIST_KEY_UISupportedInterfaceOrientations_iPhone = "UIInterfaceOrientationPortrait UIInterfaceOrientationLandscapeLeft UIInterfaceOrientationLandscapeRight";
				IPHONEOS_DEPLOYMENT_TARGET = 16.0;
				LD_RUNPATH_SEARCH_PATHS = (
					"$(inherited)",
					"@executable_path/Frameworks",
				);
				MARKETING_VERSION = 0.3.4;
				PRODUCT_BUNDLE_IDENTIFIER = io.atalaprism.app;
				PRODUCT_NAME = "$(TARGET_NAME)";
				SWIFT_EMIT_LOC_STRINGS = YES;
				SWIFT_VERSION = 5.0;
				TARGETED_DEVICE_FAMILY = "1,2";
			};
			name = Release;
		};
/* End XCBuildConfiguration section */

/* Begin XCConfigurationList section */
		EEE61FB12937CA280053AE52 /* Build configuration list for PBXProject "AtalaPrismWalletDemo" */ = {
			isa = XCConfigurationList;
			buildConfigurations = (
				EEE61FC22937CA2A0053AE52 /* Debug */,
				EEE61FC32937CA2A0053AE52 /* Release */,
			);
			defaultConfigurationIsVisible = 0;
			defaultConfigurationName = Release;
		};
		EEE61FC42937CA2A0053AE52 /* Build configuration list for PBXNativeTarget "AtalaPrismWalletDemo" */ = {
			isa = XCConfigurationList;
			buildConfigurations = (
				EEE61FC52937CA2A0053AE52 /* Debug */,
				EEE61FC62937CA2A0053AE52 /* Release */,
			);
			defaultConfigurationIsVisible = 0;
			defaultConfigurationName = Release;
		};
/* End XCConfigurationList section */

/* Begin XCRemoteSwiftPackageReference section */
		EEC222682CF77437004F2CA5 /* XCRemoteSwiftPackageReference "identus-edge-agent-sdk-swift" */ = {
			isa = XCRemoteSwiftPackageReference;
			repositoryURL = "https://github.com/hyperledger/identus-edge-agent-sdk-swift";
			requirement = {
				kind = upToNextMajorVersion;
				minimumVersion = 7.0.1;
			};
		};
/* End XCRemoteSwiftPackageReference section */

/* Begin XCSwiftPackageProductDependency section */
		EE38134F2938D5B100A3A710 /* Apollo */ = {
			isa = XCSwiftPackageProductDependency;
			productName = Apollo;
		};
		EE3813512938D5B100A3A710 /* Authenticate */ = {
			isa = XCSwiftPackageProductDependency;
			productName = Authenticate;
		};
		EE3813532938D5B100A3A710 /* Builders */ = {
			isa = XCSwiftPackageProductDependency;
			productName = Builders;
		};
		EE3813552938D5B100A3A710 /* Castor */ = {
			isa = XCSwiftPackageProductDependency;
			productName = Castor;
		};
		EE3813572938D5B100A3A710 /* Domain */ = {
			isa = XCSwiftPackageProductDependency;
			productName = Domain;
		};
		EE3813592938D5B100A3A710 /* Mercury */ = {
			isa = XCSwiftPackageProductDependency;
			productName = Mercury;
		};
		EE38135B2938D5B100A3A710 /* Pluto */ = {
			isa = XCSwiftPackageProductDependency;
			productName = Pluto;
		};
		EE38135D2938D5B100A3A710 /* Pollux */ = {
			isa = XCSwiftPackageProductDependency;
			productName = Pollux;
		};
		EEC222692CF77437004F2CA5 /* Apollo */ = {
			isa = XCSwiftPackageProductDependency;
			package = EEC222682CF77437004F2CA5 /* XCRemoteSwiftPackageReference "identus-edge-agent-sdk-swift" */;
			productName = Apollo;
		};
		EEC2226B2CF77437004F2CA5 /* Authenticate */ = {
			isa = XCSwiftPackageProductDependency;
			package = EEC222682CF77437004F2CA5 /* XCRemoteSwiftPackageReference "identus-edge-agent-sdk-swift" */;
			productName = Authenticate;
		};
		EEC2226D2CF77437004F2CA5 /* Builders */ = {
			isa = XCSwiftPackageProductDependency;
			package = EEC222682CF77437004F2CA5 /* XCRemoteSwiftPackageReference "identus-edge-agent-sdk-swift" */;
			productName = Builders;
		};
		EEC2226F2CF77437004F2CA5 /* Castor */ = {
			isa = XCSwiftPackageProductDependency;
			package = EEC222682CF77437004F2CA5 /* XCRemoteSwiftPackageReference "identus-edge-agent-sdk-swift" */;
			productName = Castor;
		};
		EEC222712CF77437004F2CA5 /* Domain */ = {
			isa = XCSwiftPackageProductDependency;
			package = EEC222682CF77437004F2CA5 /* XCRemoteSwiftPackageReference "identus-edge-agent-sdk-swift" */;
			productName = Domain;
		};
		EEC5A8382BEA5E3A00AED928 /* EdgeAgent */ = {
			isa = XCSwiftPackageProductDependency;
			productName = EdgeAgent;
		};
/* End XCSwiftPackageProductDependency section */
	};
	rootObject = EEE61FAE2937CA280053AE52 /* Project object */;
}
