// !$*UTF8*$!
{
	archiveVersion = 1;
	classes = {
	};
	objectVersion = 56;
	objects = {

/* Begin PBXBuildFile section */
		EE0E1FB129473B10003CD7D5 /* Assets.xcassets in Resources */ = {isa = PBXBuildFile; fileRef = EE0E1FAC29473B10003CD7D5 /* Assets.xcassets */; };
		EE0E1FB229473B10003CD7D5 /* SteradianBold.otf in Resources */ = {isa = PBXBuildFile; fileRef = EE0E1FAE29473B10003CD7D5 /* SteradianBold.otf */; };
		EE0E1FB329473B10003CD7D5 /* SteradianMedium.otf in Resources */ = {isa = PBXBuildFile; fileRef = EE0E1FAF29473B10003CD7D5 /* SteradianMedium.otf */; };
		EE0E1FB429473B10003CD7D5 /* SteradianRegular.otf in Resources */ = {isa = PBXBuildFile; fileRef = EE0E1FB029473B10003CD7D5 /* SteradianRegular.otf */; };
		EE3813502938D5B100A3A710 /* Apollo in Frameworks */ = {isa = PBXBuildFile; productRef = EE38134F2938D5B100A3A710 /* Apollo */; };
		EE3813522938D5B100A3A710 /* Authenticate in Frameworks */ = {isa = PBXBuildFile; productRef = EE3813512938D5B100A3A710 /* Authenticate */; };
		EE3813542938D5B100A3A710 /* Builders in Frameworks */ = {isa = PBXBuildFile; productRef = EE3813532938D5B100A3A710 /* Builders */; };
		EE3813562938D5B100A3A710 /* Castor in Frameworks */ = {isa = PBXBuildFile; productRef = EE3813552938D5B100A3A710 /* Castor */; };
		EE3813582938D5B100A3A710 /* Domain in Frameworks */ = {isa = PBXBuildFile; productRef = EE3813572938D5B100A3A710 /* Domain */; };
		EE38135A2938D5B100A3A710 /* Mercury in Frameworks */ = {isa = PBXBuildFile; productRef = EE3813592938D5B100A3A710 /* Mercury */; };
		EE38135C2938D5B100A3A710 /* Pluto in Frameworks */ = {isa = PBXBuildFile; productRef = EE38135B2938D5B100A3A710 /* Pluto */; };
		EE38135E2938D5B100A3A710 /* Pollux in Frameworks */ = {isa = PBXBuildFile; productRef = EE38135D2938D5B100A3A710 /* Pollux */; };
		EE3813602938D5B100A3A710 /* PrismAgent in Frameworks */ = {isa = PBXBuildFile; productRef = EE38135F2938D5B100A3A710 /* PrismAgent */; };
		EE6C38D229462516006CD2D3 /* MainView.swift in Sources */ = {isa = PBXBuildFile; fileRef = EE6C38D129462516006CD2D3 /* MainView.swift */; };
		EE6C38D429462522006CD2D3 /* MainViewRouter.swift in Sources */ = {isa = PBXBuildFile; fileRef = EE6C38D329462522006CD2D3 /* MainViewRouter.swift */; };
		EE6C38D7294625B3006CD2D3 /* ProfileHeaderView.swift in Sources */ = {isa = PBXBuildFile; fileRef = EE6C38D6294625B3006CD2D3 /* ProfileHeaderView.swift */; };
		EE6C38DA29462659006CD2D3 /* SpecificRoundedRect.swift in Sources */ = {isa = PBXBuildFile; fileRef = EE6C38D929462659006CD2D3 /* SpecificRoundedRect.swift */; };
		EE6C38DC294626E1006CD2D3 /* String+extensions.swift in Sources */ = {isa = PBXBuildFile; fileRef = EE6C38DB294626E1006CD2D3 /* String+extensions.swift */; };
		EE6C38E3294627B2006CD2D3 /* Localizable.strings in Resources */ = {isa = PBXBuildFile; fileRef = EE6C38E2294627B2006CD2D3 /* Localizable.strings */; };
		EE6C38E529462822006CD2D3 /* Localizable.stringsdict in Resources */ = {isa = PBXBuildFile; fileRef = EE6C38E429462822006CD2D3 /* Localizable.stringsdict */; };
		EE6C38E829462A6F006CD2D3 /* DashboardTabViewController.swift in Sources */ = {isa = PBXBuildFile; fileRef = EE6C38E729462A6F006CD2D3 /* DashboardTabViewController.swift */; };
		EE6C38EA29467A36006CD2D3 /* DashboardView.swift in Sources */ = {isa = PBXBuildFile; fileRef = EE6C38E929467A36006CD2D3 /* DashboardView.swift */; };
		EE6C38EC29467A7A006CD2D3 /* ClearFullCoverModifier.swift in Sources */ = {isa = PBXBuildFile; fileRef = EE6C38EB29467A7A006CD2D3 /* ClearFullCoverModifier.swift */; };
		EE6C38EE29467A9D006CD2D3 /* DisablePreferenceKey.swift in Sources */ = {isa = PBXBuildFile; fileRef = EE6C38ED29467A9D006CD2D3 /* DisablePreferenceKey.swift */; };
		EE6C38F029468196006CD2D3 /* DIContainer.swift in Sources */ = {isa = PBXBuildFile; fileRef = EE6C38EF29468196006CD2D3 /* DIContainer.swift */; };
		EE6C39012946827B006CD2D3 /* ComponentContainer.swift in Sources */ = {isa = PBXBuildFile; fileRef = EE6C39002946827B006CD2D3 /* ComponentContainer.swift */; };
		EE6C390329468288006CD2D3 /* Builder.swift in Sources */ = {isa = PBXBuildFile; fileRef = EE6C390229468288006CD2D3 /* Builder.swift */; };
		EE6C390529468309006CD2D3 /* LazyView.swift in Sources */ = {isa = PBXBuildFile; fileRef = EE6C390429468309006CD2D3 /* LazyView.swift */; };
		EE6C39072946834F006CD2D3 /* RootPresentationMode.swift in Sources */ = {isa = PBXBuildFile; fileRef = EE6C39062946834F006CD2D3 /* RootPresentationMode.swift */; };
		EE6C3909294683C4006CD2D3 /* DashboardRouter.swift in Sources */ = {isa = PBXBuildFile; fileRef = EE6C3908294683C4006CD2D3 /* DashboardRouter.swift */; };
		EE6C390B294683D5006CD2D3 /* DashboardBuilder.swift in Sources */ = {isa = PBXBuildFile; fileRef = EE6C390A294683D5006CD2D3 /* DashboardBuilder.swift */; };
		EE6C39152946851D006CD2D3 /* QRScannerView.swift in Sources */ = {isa = PBXBuildFile; fileRef = EE6C390F2946851D006CD2D3 /* QRScannerView.swift */; };
		EE6C39162946851D006CD2D3 /* CameraViewController.swift in Sources */ = {isa = PBXBuildFile; fileRef = EE6C39102946851D006CD2D3 /* CameraViewController.swift */; };
		EE6C39172946851D006CD2D3 /* QRCodeScannerBuilder.swift in Sources */ = {isa = PBXBuildFile; fileRef = EE6C39112946851D006CD2D3 /* QRCodeScannerBuilder.swift */; };
		EE6C39182946851D006CD2D3 /* QRCodeScannerView.swift in Sources */ = {isa = PBXBuildFile; fileRef = EE6C39122946851D006CD2D3 /* QRCodeScannerView.swift */; };
		EE6C39192946851D006CD2D3 /* QRCodeScannerRouter.swift in Sources */ = {isa = PBXBuildFile; fileRef = EE6C39132946851D006CD2D3 /* QRCodeScannerRouter.swift */; };
		EE6C391A2946851D006CD2D3 /* QRCodeScannerViewModel.swift in Sources */ = {isa = PBXBuildFile; fileRef = EE6C39142946851D006CD2D3 /* QRCodeScannerViewModel.swift */; };
		EE6C393129468533006CD2D3 /* ActivityListView.swift in Sources */ = {isa = PBXBuildFile; fileRef = EE6C392229468533006CD2D3 /* ActivityListView.swift */; };
		EE6C393429468533006CD2D3 /* HomeViewModel.swift in Sources */ = {isa = PBXBuildFile; fileRef = EE6C392529468533006CD2D3 /* HomeViewModel.swift */; };
		EE6C393529468533006CD2D3 /* HomeView.swift in Sources */ = {isa = PBXBuildFile; fileRef = EE6C392629468533006CD2D3 /* HomeView.swift */; };
		EE6C393729468533006CD2D3 /* HomeRouter.swift in Sources */ = {isa = PBXBuildFile; fileRef = EE6C392829468533006CD2D3 /* HomeRouter.swift */; };
		EE6C393829468533006CD2D3 /* HomeBuilder.swift in Sources */ = {isa = PBXBuildFile; fileRef = EE6C392929468533006CD2D3 /* HomeBuilder.swift */; };
		EE6C393929468533006CD2D3 /* HomeState.swift in Sources */ = {isa = PBXBuildFile; fileRef = EE6C392A29468533006CD2D3 /* HomeState.swift */; };
		EE6C393C29468614006CD2D3 /* EmptyNavigationLink.swift in Sources */ = {isa = PBXBuildFile; fileRef = EE6C393B29468614006CD2D3 /* EmptyNavigationLink.swift */; };
		EE6C393E2946901D006CD2D3 /* DashboardViewModelImpl.swift in Sources */ = {isa = PBXBuildFile; fileRef = EE6C393D2946901D006CD2D3 /* DashboardViewModelImpl.swift */; };
		EE6C39402946931E006CD2D3 /* Array+Zipped.swift in Sources */ = {isa = PBXBuildFile; fileRef = EE6C393F2946931E006CD2D3 /* Array+Zipped.swift */; };
		EE75A2F729479488007D4405 /* FancyToast.swift in Sources */ = {isa = PBXBuildFile; fileRef = EE75A2F629479488007D4405 /* FancyToast.swift */; };
		EE75A2F9294794F9007D4405 /* FancyToastModifier.swift in Sources */ = {isa = PBXBuildFile; fileRef = EE75A2F8294794F8007D4405 /* FancyToastModifier.swift */; };
		EE75A2FB29487F36007D4405 /* MainViewModel.swift in Sources */ = {isa = PBXBuildFile; fileRef = EE75A2FA29487F36007D4405 /* MainViewModel.swift */; };
		EE75A302294A33D0007D4405 /* CredentialsListView.swift in Sources */ = {isa = PBXBuildFile; fileRef = EE75A2FD294A33D0007D4405 /* CredentialsListView.swift */; };
		EE75A303294A33D0007D4405 /* CredentialsListViewModel.swift in Sources */ = {isa = PBXBuildFile; fileRef = EE75A2FE294A33D0007D4405 /* CredentialsListViewModel.swift */; };
		EE75A304294A33D0007D4405 /* CredentialsListBuilder.swift in Sources */ = {isa = PBXBuildFile; fileRef = EE75A2FF294A33D0007D4405 /* CredentialsListBuilder.swift */; };
		EE75A305294A33D0007D4405 /* CredentialsListRouter.swift in Sources */ = {isa = PBXBuildFile; fileRef = EE75A300294A33D0007D4405 /* CredentialsListRouter.swift */; };
		EE75A306294A33D0007D4405 /* CredentialsListState.swift in Sources */ = {isa = PBXBuildFile; fileRef = EE75A301294A33D0007D4405 /* CredentialsListState.swift */; };
		EE75A308294A346B007D4405 /* NavigationTypeUtilModifiers.swift in Sources */ = {isa = PBXBuildFile; fileRef = EE75A307294A346B007D4405 /* NavigationTypeUtilModifiers.swift */; };
		EE75A30E294A34E1007D4405 /* CredentialDetailViewModel.swift in Sources */ = {isa = PBXBuildFile; fileRef = EE75A30A294A34E1007D4405 /* CredentialDetailViewModel.swift */; };
		EE75A30F294A34E1007D4405 /* CredentialDetailBuilder.swift in Sources */ = {isa = PBXBuildFile; fileRef = EE75A30B294A34E1007D4405 /* CredentialDetailBuilder.swift */; };
		EE75A311294A34E1007D4405 /* CredentialDetailNeoView.swift in Sources */ = {isa = PBXBuildFile; fileRef = EE75A30D294A34E1007D4405 /* CredentialDetailNeoView.swift */; };
		EE75A313294A4A3F007D4405 /* LoadingModifier.swift in Sources */ = {isa = PBXBuildFile; fileRef = EE75A312294A4A3F007D4405 /* LoadingModifier.swift */; };
		EE75A31D294A7CAE007D4405 /* AddNewContactView.swift in Sources */ = {isa = PBXBuildFile; fileRef = EE75A315294A7CAE007D4405 /* AddNewContactView.swift */; };
		EE75A31E294A7CAE007D4405 /* AlreadyConnectedView.swift in Sources */ = {isa = PBXBuildFile; fileRef = EE75A317294A7CAE007D4405 /* AlreadyConnectedView.swift */; };
		EE75A31F294A7CAE007D4405 /* ConfirmConnectionView.swift in Sources */ = {isa = PBXBuildFile; fileRef = EE75A318294A7CAE007D4405 /* ConfirmConnectionView.swift */; };
		EE75A320294A7CAE007D4405 /* InsertCodeView.swift in Sources */ = {isa = PBXBuildFile; fileRef = EE75A319294A7CAE007D4405 /* InsertCodeView.swift */; };
		EE75A321294A7CAE007D4405 /* AddNewContactBuilder.swift in Sources */ = {isa = PBXBuildFile; fileRef = EE75A31A294A7CAE007D4405 /* AddNewContactBuilder.swift */; };
		EE75A322294A7CAE007D4405 /* AddNewContactState.swift in Sources */ = {isa = PBXBuildFile; fileRef = EE75A31B294A7CAE007D4405 /* AddNewContactState.swift */; };
		EE75A323294A7CAE007D4405 /* AddNewContactViewModel.swift in Sources */ = {isa = PBXBuildFile; fileRef = EE75A31C294A7CAE007D4405 /* AddNewContactViewModel.swift */; };
		EE75A325294A7D0F007D4405 /* AtalaButton.swift in Sources */ = {isa = PBXBuildFile; fileRef = EE75A324294A7D0F007D4405 /* AtalaButton.swift */; };
		EE75A327294A7D40007D4405 /* Button+Configuration.swift in Sources */ = {isa = PBXBuildFile; fileRef = EE75A326294A7D40007D4405 /* Button+Configuration.swift */; };
		EE75A329294A7D99007D4405 /* IsLoadingEnvironmentValue.swift in Sources */ = {isa = PBXBuildFile; fileRef = EE75A328294A7D99007D4405 /* IsLoadingEnvironmentValue.swift */; };
		EE75A32B294A822C007D4405 /* ErrorDialogView.swift in Sources */ = {isa = PBXBuildFile; fileRef = EE75A32A294A822C007D4405 /* ErrorDialogView.swift */; };
		EE75A32D294A82A4007D4405 /* RoundedRectWithBorderText.swift in Sources */ = {isa = PBXBuildFile; fileRef = EE75A32C294A82A4007D4405 /* RoundedRectWithBorderText.swift */; };
		EE75A32F294A8D55007D4405 /* DisplayErrorState.swift in Sources */ = {isa = PBXBuildFile; fileRef = EE75A32E294A8D55007D4405 /* DisplayErrorState.swift */; };
		EE75A337294A905F007D4405 /* ProofOfRequestCheckView.swift in Sources */ = {isa = PBXBuildFile; fileRef = EE75A332294A905F007D4405 /* ProofOfRequestCheckView.swift */; };
		EE75A338294A905F007D4405 /* ProofOfRequestBuilder.swift in Sources */ = {isa = PBXBuildFile; fileRef = EE75A333294A905F007D4405 /* ProofOfRequestBuilder.swift */; };
		EE75A339294A905F007D4405 /* ProofOfRequestState.swift in Sources */ = {isa = PBXBuildFile; fileRef = EE75A334294A905F007D4405 /* ProofOfRequestState.swift */; };
		EE75A33A294A905F007D4405 /* ProofOfRequestViewModel.swift in Sources */ = {isa = PBXBuildFile; fileRef = EE75A335294A905F007D4405 /* ProofOfRequestViewModel.swift */; };
		EE75A33B294A905F007D4405 /* ProofOfRequestView.swift in Sources */ = {isa = PBXBuildFile; fileRef = EE75A336294A905F007D4405 /* ProofOfRequestView.swift */; };
		EE75A33D294A9172007D4405 /* CheckButton.swift in Sources */ = {isa = PBXBuildFile; fileRef = EE75A33C294A9172007D4405 /* CheckButton.swift */; };
		EEB7D32229420180006E076D /* SetupPrismAgentView.swift in Sources */ = {isa = PBXBuildFile; fileRef = EEB7D32129420180006E076D /* SetupPrismAgentView.swift */; };
		EEB7D3242942018C006E076D /* SetupPrismAgentViewModel.swift in Sources */ = {isa = PBXBuildFile; fileRef = EEB7D3232942018C006E076D /* SetupPrismAgentViewModel.swift */; };
		EEE61FBA2937CA280053AE52 /* AtalaPrismWalletDemoApp.swift in Sources */ = {isa = PBXBuildFile; fileRef = EEE61FB92937CA280053AE52 /* AtalaPrismWalletDemoApp.swift */; };
		EEE61FBC2937CA280053AE52 /* FuncionalitiesList.swift in Sources */ = {isa = PBXBuildFile; fileRef = EEE61FBB2937CA280053AE52 /* FuncionalitiesList.swift */; };
		EEE61FC12937CA2A0053AE52 /* Preview Assets.xcassets in Resources */ = {isa = PBXBuildFile; fileRef = EEE61FC02937CA2A0053AE52 /* Preview Assets.xcassets */; };
		EEE61FDD2937CD7A0053AE52 /* SeedFuncionalitiesView.swift in Sources */ = {isa = PBXBuildFile; fileRef = EEE61FDC2937CD7A0053AE52 /* SeedFuncionalitiesView.swift */; };
		EEE61FE02937CEAA0053AE52 /* SeedViewModel.swift in Sources */ = {isa = PBXBuildFile; fileRef = EEE61FDF2937CEAA0053AE52 /* SeedViewModel.swift */; };
		EEE61FE42937D5560053AE52 /* DIDFuncionalitiesViewModel.swift in Sources */ = {isa = PBXBuildFile; fileRef = EEE61FE32937D5560053AE52 /* DIDFuncionalitiesViewModel.swift */; };
		EEE61FE82937D7EE0053AE52 /* DIDFuncionalitiesView.swift in Sources */ = {isa = PBXBuildFile; fileRef = EEE61FE72937D7EE0053AE52 /* DIDFuncionalitiesView.swift */; };
		EEE620132937F1D40053AE52 /* PrintObjects.swift in Sources */ = {isa = PBXBuildFile; fileRef = EEE620122937F1D40053AE52 /* PrintObjects.swift */; };
		EEE620162937F3110053AE52 /* SigningVerificationViewModel.swift in Sources */ = {isa = PBXBuildFile; fileRef = EEE620152937F3110053AE52 /* SigningVerificationViewModel.swift */; };
		EEE620182937F6870053AE52 /* SigningVerificationView.swift in Sources */ = {isa = PBXBuildFile; fileRef = EEE620172937F6870053AE52 /* SigningVerificationView.swift */; };
		EEE6202F2937FDE50053AE52 /* AuthenticateWalletView.swift in Sources */ = {isa = PBXBuildFile; fileRef = EEE6202D2937FDE50053AE52 /* AuthenticateWalletView.swift */; };
		EEE620302937FDE50053AE52 /* AuthenticateWalletViewModel.swift in Sources */ = {isa = PBXBuildFile; fileRef = EEE6202E2937FDE50053AE52 /* AuthenticateWalletViewModel.swift */; };
/* End PBXBuildFile section */

/* Begin PBXFileReference section */
		EE0E1FAC29473B10003CD7D5 /* Assets.xcassets */ = {isa = PBXFileReference; lastKnownFileType = folder.assetcatalog; path = Assets.xcassets; sourceTree = "<group>"; };
		EE0E1FAE29473B10003CD7D5 /* SteradianBold.otf */ = {isa = PBXFileReference; lastKnownFileType = file; path = SteradianBold.otf; sourceTree = "<group>"; };
		EE0E1FAF29473B10003CD7D5 /* SteradianMedium.otf */ = {isa = PBXFileReference; lastKnownFileType = file; path = SteradianMedium.otf; sourceTree = "<group>"; };
		EE0E1FB029473B10003CD7D5 /* SteradianRegular.otf */ = {isa = PBXFileReference; lastKnownFileType = file; path = SteradianRegular.otf; sourceTree = "<group>"; };
		EE38134E2938D55D00A3A710 /* atala-prism-swift-sdk */ = {isa = PBXFileReference; lastKnownFileType = wrapper; name = "atala-prism-swift-sdk"; path = ../..; sourceTree = "<group>"; };
		EE6C38D129462516006CD2D3 /* MainView.swift */ = {isa = PBXFileReference; lastKnownFileType = sourcecode.swift; path = MainView.swift; sourceTree = "<group>"; };
		EE6C38D329462522006CD2D3 /* MainViewRouter.swift */ = {isa = PBXFileReference; lastKnownFileType = sourcecode.swift; path = MainViewRouter.swift; sourceTree = "<group>"; };
		EE6C38D6294625B3006CD2D3 /* ProfileHeaderView.swift */ = {isa = PBXFileReference; lastKnownFileType = sourcecode.swift; name = ProfileHeaderView.swift; path = ../../Profile/ProfileHeaderView.swift; sourceTree = "<group>"; };
		EE6C38D929462659006CD2D3 /* SpecificRoundedRect.swift */ = {isa = PBXFileReference; lastKnownFileType = sourcecode.swift; path = SpecificRoundedRect.swift; sourceTree = "<group>"; };
		EE6C38DB294626E1006CD2D3 /* String+extensions.swift */ = {isa = PBXFileReference; lastKnownFileType = sourcecode.swift; path = "String+extensions.swift"; sourceTree = "<group>"; };
		EE6C38E2294627B2006CD2D3 /* Localizable.strings */ = {isa = PBXFileReference; lastKnownFileType = text.plist.strings; path = Localizable.strings; sourceTree = "<group>"; };
		EE6C38E429462822006CD2D3 /* Localizable.stringsdict */ = {isa = PBXFileReference; fileEncoding = 4; lastKnownFileType = text.plist.stringsdict; path = Localizable.stringsdict; sourceTree = "<group>"; };
		EE6C38E729462A6F006CD2D3 /* DashboardTabViewController.swift */ = {isa = PBXFileReference; lastKnownFileType = sourcecode.swift; path = DashboardTabViewController.swift; sourceTree = "<group>"; };
		EE6C38E929467A36006CD2D3 /* DashboardView.swift */ = {isa = PBXFileReference; lastKnownFileType = sourcecode.swift; path = DashboardView.swift; sourceTree = "<group>"; };
		EE6C38EB29467A7A006CD2D3 /* ClearFullCoverModifier.swift */ = {isa = PBXFileReference; lastKnownFileType = sourcecode.swift; path = ClearFullCoverModifier.swift; sourceTree = "<group>"; };
		EE6C38ED29467A9D006CD2D3 /* DisablePreferenceKey.swift */ = {isa = PBXFileReference; lastKnownFileType = sourcecode.swift; path = DisablePreferenceKey.swift; sourceTree = "<group>"; };
		EE6C38EF29468196006CD2D3 /* DIContainer.swift */ = {isa = PBXFileReference; lastKnownFileType = sourcecode.swift; path = DIContainer.swift; sourceTree = "<group>"; };
		EE6C39002946827B006CD2D3 /* ComponentContainer.swift */ = {isa = PBXFileReference; lastKnownFileType = sourcecode.swift; path = ComponentContainer.swift; sourceTree = "<group>"; };
		EE6C390229468288006CD2D3 /* Builder.swift */ = {isa = PBXFileReference; lastKnownFileType = sourcecode.swift; path = Builder.swift; sourceTree = "<group>"; };
		EE6C390429468309006CD2D3 /* LazyView.swift */ = {isa = PBXFileReference; lastKnownFileType = sourcecode.swift; path = LazyView.swift; sourceTree = "<group>"; };
		EE6C39062946834F006CD2D3 /* RootPresentationMode.swift */ = {isa = PBXFileReference; lastKnownFileType = sourcecode.swift; path = RootPresentationMode.swift; sourceTree = "<group>"; };
		EE6C3908294683C4006CD2D3 /* DashboardRouter.swift */ = {isa = PBXFileReference; lastKnownFileType = sourcecode.swift; path = DashboardRouter.swift; sourceTree = "<group>"; };
		EE6C390A294683D5006CD2D3 /* DashboardBuilder.swift */ = {isa = PBXFileReference; lastKnownFileType = sourcecode.swift; path = DashboardBuilder.swift; sourceTree = "<group>"; };
		EE6C390F2946851D006CD2D3 /* QRScannerView.swift */ = {isa = PBXFileReference; fileEncoding = 4; lastKnownFileType = sourcecode.swift; path = QRScannerView.swift; sourceTree = "<group>"; };
		EE6C39102946851D006CD2D3 /* CameraViewController.swift */ = {isa = PBXFileReference; fileEncoding = 4; lastKnownFileType = sourcecode.swift; path = CameraViewController.swift; sourceTree = "<group>"; };
		EE6C39112946851D006CD2D3 /* QRCodeScannerBuilder.swift */ = {isa = PBXFileReference; fileEncoding = 4; lastKnownFileType = sourcecode.swift; path = QRCodeScannerBuilder.swift; sourceTree = "<group>"; };
		EE6C39122946851D006CD2D3 /* QRCodeScannerView.swift */ = {isa = PBXFileReference; fileEncoding = 4; lastKnownFileType = sourcecode.swift; path = QRCodeScannerView.swift; sourceTree = "<group>"; };
		EE6C39132946851D006CD2D3 /* QRCodeScannerRouter.swift */ = {isa = PBXFileReference; fileEncoding = 4; lastKnownFileType = sourcecode.swift; path = QRCodeScannerRouter.swift; sourceTree = "<group>"; };
		EE6C39142946851D006CD2D3 /* QRCodeScannerViewModel.swift */ = {isa = PBXFileReference; fileEncoding = 4; lastKnownFileType = sourcecode.swift; path = QRCodeScannerViewModel.swift; sourceTree = "<group>"; };
		EE6C392229468533006CD2D3 /* ActivityListView.swift */ = {isa = PBXFileReference; fileEncoding = 4; lastKnownFileType = sourcecode.swift; path = ActivityListView.swift; sourceTree = "<group>"; };
		EE6C392529468533006CD2D3 /* HomeViewModel.swift */ = {isa = PBXFileReference; fileEncoding = 4; lastKnownFileType = sourcecode.swift; path = HomeViewModel.swift; sourceTree = "<group>"; };
		EE6C392629468533006CD2D3 /* HomeView.swift */ = {isa = PBXFileReference; fileEncoding = 4; lastKnownFileType = sourcecode.swift; path = HomeView.swift; sourceTree = "<group>"; };
		EE6C392829468533006CD2D3 /* HomeRouter.swift */ = {isa = PBXFileReference; fileEncoding = 4; lastKnownFileType = sourcecode.swift; path = HomeRouter.swift; sourceTree = "<group>"; };
		EE6C392929468533006CD2D3 /* HomeBuilder.swift */ = {isa = PBXFileReference; fileEncoding = 4; lastKnownFileType = sourcecode.swift; path = HomeBuilder.swift; sourceTree = "<group>"; };
		EE6C392A29468533006CD2D3 /* HomeState.swift */ = {isa = PBXFileReference; fileEncoding = 4; lastKnownFileType = sourcecode.swift; path = HomeState.swift; sourceTree = "<group>"; };
		EE6C393B29468614006CD2D3 /* EmptyNavigationLink.swift */ = {isa = PBXFileReference; lastKnownFileType = sourcecode.swift; path = EmptyNavigationLink.swift; sourceTree = "<group>"; };
		EE6C393D2946901D006CD2D3 /* DashboardViewModelImpl.swift */ = {isa = PBXFileReference; lastKnownFileType = sourcecode.swift; path = DashboardViewModelImpl.swift; sourceTree = "<group>"; };
		EE6C393F2946931E006CD2D3 /* Array+Zipped.swift */ = {isa = PBXFileReference; lastKnownFileType = sourcecode.swift; path = "Array+Zipped.swift"; sourceTree = "<group>"; };
		EE75A2F629479488007D4405 /* FancyToast.swift */ = {isa = PBXFileReference; lastKnownFileType = sourcecode.swift; path = FancyToast.swift; sourceTree = "<group>"; };
		EE75A2F8294794F8007D4405 /* FancyToastModifier.swift */ = {isa = PBXFileReference; lastKnownFileType = sourcecode.swift; path = FancyToastModifier.swift; sourceTree = "<group>"; };
		EE75A2FA29487F36007D4405 /* MainViewModel.swift */ = {isa = PBXFileReference; lastKnownFileType = sourcecode.swift; path = MainViewModel.swift; sourceTree = "<group>"; };
		EE75A2FD294A33D0007D4405 /* CredentialsListView.swift */ = {isa = PBXFileReference; fileEncoding = 4; lastKnownFileType = sourcecode.swift; path = CredentialsListView.swift; sourceTree = "<group>"; };
		EE75A2FE294A33D0007D4405 /* CredentialsListViewModel.swift */ = {isa = PBXFileReference; fileEncoding = 4; lastKnownFileType = sourcecode.swift; path = CredentialsListViewModel.swift; sourceTree = "<group>"; };
		EE75A2FF294A33D0007D4405 /* CredentialsListBuilder.swift */ = {isa = PBXFileReference; fileEncoding = 4; lastKnownFileType = sourcecode.swift; path = CredentialsListBuilder.swift; sourceTree = "<group>"; };
		EE75A300294A33D0007D4405 /* CredentialsListRouter.swift */ = {isa = PBXFileReference; fileEncoding = 4; lastKnownFileType = sourcecode.swift; path = CredentialsListRouter.swift; sourceTree = "<group>"; };
		EE75A301294A33D0007D4405 /* CredentialsListState.swift */ = {isa = PBXFileReference; fileEncoding = 4; lastKnownFileType = sourcecode.swift; path = CredentialsListState.swift; sourceTree = "<group>"; };
		EE75A307294A346B007D4405 /* NavigationTypeUtilModifiers.swift */ = {isa = PBXFileReference; lastKnownFileType = sourcecode.swift; path = NavigationTypeUtilModifiers.swift; sourceTree = "<group>"; };
		EE75A30A294A34E1007D4405 /* CredentialDetailViewModel.swift */ = {isa = PBXFileReference; fileEncoding = 4; lastKnownFileType = sourcecode.swift; path = CredentialDetailViewModel.swift; sourceTree = "<group>"; };
		EE75A30B294A34E1007D4405 /* CredentialDetailBuilder.swift */ = {isa = PBXFileReference; fileEncoding = 4; lastKnownFileType = sourcecode.swift; path = CredentialDetailBuilder.swift; sourceTree = "<group>"; };
		EE75A30D294A34E1007D4405 /* CredentialDetailNeoView.swift */ = {isa = PBXFileReference; fileEncoding = 4; lastKnownFileType = sourcecode.swift; path = CredentialDetailNeoView.swift; sourceTree = "<group>"; };
		EE75A312294A4A3F007D4405 /* LoadingModifier.swift */ = {isa = PBXFileReference; lastKnownFileType = sourcecode.swift; path = LoadingModifier.swift; sourceTree = "<group>"; };
		EE75A315294A7CAE007D4405 /* AddNewContactView.swift */ = {isa = PBXFileReference; fileEncoding = 4; lastKnownFileType = sourcecode.swift; path = AddNewContactView.swift; sourceTree = "<group>"; };
		EE75A317294A7CAE007D4405 /* AlreadyConnectedView.swift */ = {isa = PBXFileReference; fileEncoding = 4; lastKnownFileType = sourcecode.swift; path = AlreadyConnectedView.swift; sourceTree = "<group>"; };
		EE75A318294A7CAE007D4405 /* ConfirmConnectionView.swift */ = {isa = PBXFileReference; fileEncoding = 4; lastKnownFileType = sourcecode.swift; path = ConfirmConnectionView.swift; sourceTree = "<group>"; };
		EE75A319294A7CAE007D4405 /* InsertCodeView.swift */ = {isa = PBXFileReference; fileEncoding = 4; lastKnownFileType = sourcecode.swift; path = InsertCodeView.swift; sourceTree = "<group>"; };
		EE75A31A294A7CAE007D4405 /* AddNewContactBuilder.swift */ = {isa = PBXFileReference; fileEncoding = 4; lastKnownFileType = sourcecode.swift; path = AddNewContactBuilder.swift; sourceTree = "<group>"; };
		EE75A31B294A7CAE007D4405 /* AddNewContactState.swift */ = {isa = PBXFileReference; fileEncoding = 4; lastKnownFileType = sourcecode.swift; path = AddNewContactState.swift; sourceTree = "<group>"; };
		EE75A31C294A7CAE007D4405 /* AddNewContactViewModel.swift */ = {isa = PBXFileReference; fileEncoding = 4; lastKnownFileType = sourcecode.swift; path = AddNewContactViewModel.swift; sourceTree = "<group>"; };
		EE75A324294A7D0F007D4405 /* AtalaButton.swift */ = {isa = PBXFileReference; lastKnownFileType = sourcecode.swift; path = AtalaButton.swift; sourceTree = "<group>"; };
		EE75A326294A7D40007D4405 /* Button+Configuration.swift */ = {isa = PBXFileReference; lastKnownFileType = sourcecode.swift; path = "Button+Configuration.swift"; sourceTree = "<group>"; };
		EE75A328294A7D99007D4405 /* IsLoadingEnvironmentValue.swift */ = {isa = PBXFileReference; lastKnownFileType = sourcecode.swift; path = IsLoadingEnvironmentValue.swift; sourceTree = "<group>"; };
		EE75A32A294A822C007D4405 /* ErrorDialogView.swift */ = {isa = PBXFileReference; lastKnownFileType = sourcecode.swift; path = ErrorDialogView.swift; sourceTree = "<group>"; };
		EE75A32C294A82A4007D4405 /* RoundedRectWithBorderText.swift */ = {isa = PBXFileReference; lastKnownFileType = sourcecode.swift; path = RoundedRectWithBorderText.swift; sourceTree = "<group>"; };
		EE75A32E294A8D55007D4405 /* DisplayErrorState.swift */ = {isa = PBXFileReference; lastKnownFileType = sourcecode.swift; path = DisplayErrorState.swift; sourceTree = "<group>"; };
		EE75A332294A905F007D4405 /* ProofOfRequestCheckView.swift */ = {isa = PBXFileReference; fileEncoding = 4; lastKnownFileType = sourcecode.swift; path = ProofOfRequestCheckView.swift; sourceTree = "<group>"; };
		EE75A333294A905F007D4405 /* ProofOfRequestBuilder.swift */ = {isa = PBXFileReference; fileEncoding = 4; lastKnownFileType = sourcecode.swift; path = ProofOfRequestBuilder.swift; sourceTree = "<group>"; };
		EE75A334294A905F007D4405 /* ProofOfRequestState.swift */ = {isa = PBXFileReference; fileEncoding = 4; lastKnownFileType = sourcecode.swift; path = ProofOfRequestState.swift; sourceTree = "<group>"; };
		EE75A335294A905F007D4405 /* ProofOfRequestViewModel.swift */ = {isa = PBXFileReference; fileEncoding = 4; lastKnownFileType = sourcecode.swift; path = ProofOfRequestViewModel.swift; sourceTree = "<group>"; };
		EE75A336294A905F007D4405 /* ProofOfRequestView.swift */ = {isa = PBXFileReference; fileEncoding = 4; lastKnownFileType = sourcecode.swift; path = ProofOfRequestView.swift; sourceTree = "<group>"; };
		EE75A33C294A9172007D4405 /* CheckButton.swift */ = {isa = PBXFileReference; lastKnownFileType = sourcecode.swift; path = CheckButton.swift; sourceTree = "<group>"; };
		EEB7D32129420180006E076D /* SetupPrismAgentView.swift */ = {isa = PBXFileReference; lastKnownFileType = sourcecode.swift; path = SetupPrismAgentView.swift; sourceTree = "<group>"; };
		EEB7D3232942018C006E076D /* SetupPrismAgentViewModel.swift */ = {isa = PBXFileReference; lastKnownFileType = sourcecode.swift; path = SetupPrismAgentViewModel.swift; sourceTree = "<group>"; };
		EEE61FB62937CA280053AE52 /* AtalaPrismWalletDemo.app */ = {isa = PBXFileReference; explicitFileType = wrapper.application; includeInIndex = 0; path = AtalaPrismWalletDemo.app; sourceTree = BUILT_PRODUCTS_DIR; };
		EEE61FB92937CA280053AE52 /* AtalaPrismWalletDemoApp.swift */ = {isa = PBXFileReference; lastKnownFileType = sourcecode.swift; path = AtalaPrismWalletDemoApp.swift; sourceTree = "<group>"; };
		EEE61FBB2937CA280053AE52 /* FuncionalitiesList.swift */ = {isa = PBXFileReference; lastKnownFileType = sourcecode.swift; path = FuncionalitiesList.swift; sourceTree = "<group>"; };
		EEE61FC02937CA2A0053AE52 /* Preview Assets.xcassets */ = {isa = PBXFileReference; lastKnownFileType = folder.assetcatalog; path = "Preview Assets.xcassets"; sourceTree = "<group>"; };
		EEE61FDC2937CD7A0053AE52 /* SeedFuncionalitiesView.swift */ = {isa = PBXFileReference; lastKnownFileType = sourcecode.swift; path = SeedFuncionalitiesView.swift; sourceTree = "<group>"; };
		EEE61FDF2937CEAA0053AE52 /* SeedViewModel.swift */ = {isa = PBXFileReference; lastKnownFileType = sourcecode.swift; path = SeedViewModel.swift; sourceTree = "<group>"; };
		EEE61FE32937D5560053AE52 /* DIDFuncionalitiesViewModel.swift */ = {isa = PBXFileReference; lastKnownFileType = sourcecode.swift; path = DIDFuncionalitiesViewModel.swift; sourceTree = "<group>"; };
		EEE61FE72937D7EE0053AE52 /* DIDFuncionalitiesView.swift */ = {isa = PBXFileReference; lastKnownFileType = sourcecode.swift; path = DIDFuncionalitiesView.swift; sourceTree = "<group>"; };
		EEE620122937F1D40053AE52 /* PrintObjects.swift */ = {isa = PBXFileReference; lastKnownFileType = sourcecode.swift; path = PrintObjects.swift; sourceTree = "<group>"; };
		EEE620152937F3110053AE52 /* SigningVerificationViewModel.swift */ = {isa = PBXFileReference; lastKnownFileType = sourcecode.swift; path = SigningVerificationViewModel.swift; sourceTree = "<group>"; };
		EEE620172937F6870053AE52 /* SigningVerificationView.swift */ = {isa = PBXFileReference; lastKnownFileType = sourcecode.swift; path = SigningVerificationView.swift; sourceTree = "<group>"; };
		EEE6202D2937FDE50053AE52 /* AuthenticateWalletView.swift */ = {isa = PBXFileReference; fileEncoding = 4; lastKnownFileType = sourcecode.swift; path = AuthenticateWalletView.swift; sourceTree = "<group>"; };
		EEE6202E2937FDE50053AE52 /* AuthenticateWalletViewModel.swift */ = {isa = PBXFileReference; fileEncoding = 4; lastKnownFileType = sourcecode.swift; path = AuthenticateWalletViewModel.swift; sourceTree = "<group>"; };
		EEE620312937FF2C0053AE52 /* Info.plist */ = {isa = PBXFileReference; lastKnownFileType = text.plist; path = Info.plist; sourceTree = "<group>"; };
/* End PBXFileReference section */

/* Begin PBXFrameworksBuildPhase section */
		EEE61FB32937CA280053AE52 /* Frameworks */ = {
			isa = PBXFrameworksBuildPhase;
			buildActionMask = 2147483647;
			files = (
				EE38135A2938D5B100A3A710 /* Mercury in Frameworks */,
				EE3813582938D5B100A3A710 /* Domain in Frameworks */,
				EE38135E2938D5B100A3A710 /* Pollux in Frameworks */,
				EE38135C2938D5B100A3A710 /* Pluto in Frameworks */,
				EE3813602938D5B100A3A710 /* PrismAgent in Frameworks */,
				EE3813542938D5B100A3A710 /* Builders in Frameworks */,
				EE3813502938D5B100A3A710 /* Apollo in Frameworks */,
				EE3813562938D5B100A3A710 /* Castor in Frameworks */,
				EE3813522938D5B100A3A710 /* Authenticate in Frameworks */,
			);
			runOnlyForDeploymentPostprocessing = 0;
		};
/* End PBXFrameworksBuildPhase section */

/* Begin PBXGroup section */
		EE0E1FAB29473B10003CD7D5 /* assets */ = {
			isa = PBXGroup;
			children = (
				EE0E1FAC29473B10003CD7D5 /* Assets.xcassets */,
				EE0E1FAD29473B10003CD7D5 /* fonts */,
			);
			path = assets;
			sourceTree = "<group>";
		};
		EE0E1FAD29473B10003CD7D5 /* fonts */ = {
			isa = PBXGroup;
			children = (
				EE0E1FAE29473B10003CD7D5 /* SteradianBold.otf */,
				EE0E1FAF29473B10003CD7D5 /* SteradianMedium.otf */,
				EE0E1FB029473B10003CD7D5 /* SteradianRegular.otf */,
			);
			path = fonts;
			sourceTree = "<group>";
		};
		EE38134D2938D55D00A3A710 /* Packages */ = {
			isa = PBXGroup;
			children = (
				EE38134E2938D55D00A3A710 /* atala-prism-swift-sdk */,
			);
			name = Packages;
			sourceTree = "<group>";
		};
		EE6C38CA29462474006CD2D3 /* WalletDemo */ = {
			isa = PBXGroup;
			children = (
				EE75A330294A905F007D4405 /* ProofOfRequest */,
				EE75A314294A7CAE007D4405 /* AddNewContact */,
				EE75A309294A34E1007D4405 /* CredentialDetail */,
				EE75A2FC294A33D0007D4405 /* CredentialsList */,
				EE6C391B29468533006CD2D3 /* Home */,
				EE6C390D2946851D006CD2D3 /* QRCodeScanner */,
				EE6C38E629462A60006CD2D3 /* Dashboard */,
				EE6C38D82946264C006CD2D3 /* UIHelper */,
				EE6C38D0294624FD006CD2D3 /* Main */,
			);
			path = WalletDemo;
			sourceTree = "<group>";
		};
		EE6C38D0294624FD006CD2D3 /* Main */ = {
			isa = PBXGroup;
			children = (
				EE6C38D129462516006CD2D3 /* MainView.swift */,
				EE6C38D329462522006CD2D3 /* MainViewRouter.swift */,
				EE75A2FA29487F36007D4405 /* MainViewModel.swift */,
			);
			path = Main;
			sourceTree = "<group>";
		};
		EE6C38D82946264C006CD2D3 /* UIHelper */ = {
			isa = PBXGroup;
			children = (
				EE6C38D929462659006CD2D3 /* SpecificRoundedRect.swift */,
				EE6C38EB29467A7A006CD2D3 /* ClearFullCoverModifier.swift */,
				EE6C38ED29467A9D006CD2D3 /* DisablePreferenceKey.swift */,
				EE75A307294A346B007D4405 /* NavigationTypeUtilModifiers.swift */,
				EE75A312294A4A3F007D4405 /* LoadingModifier.swift */,
				EE75A324294A7D0F007D4405 /* AtalaButton.swift */,
				EE75A326294A7D40007D4405 /* Button+Configuration.swift */,
				EE75A328294A7D99007D4405 /* IsLoadingEnvironmentValue.swift */,
				EE75A32A294A822C007D4405 /* ErrorDialogView.swift */,
				EE75A32C294A82A4007D4405 /* RoundedRectWithBorderText.swift */,
				EE75A32E294A8D55007D4405 /* DisplayErrorState.swift */,
				EE75A33C294A9172007D4405 /* CheckButton.swift */,
			);
			path = UIHelper;
			sourceTree = "<group>";
		};
		EE6C38DD2946276F006CD2D3 /* Resources */ = {
			isa = PBXGroup;
			children = (
				EE0E1FAB29473B10003CD7D5 /* assets */,
				EE6C38E2294627B2006CD2D3 /* Localizable.strings */,
				EE6C38E429462822006CD2D3 /* Localizable.stringsdict */,
			);
			path = Resources;
			sourceTree = "<group>";
		};
		EE6C38E629462A60006CD2D3 /* Dashboard */ = {
			isa = PBXGroup;
			children = (
				EE6C38E729462A6F006CD2D3 /* DashboardTabViewController.swift */,
				EE6C38E929467A36006CD2D3 /* DashboardView.swift */,
				EE6C3908294683C4006CD2D3 /* DashboardRouter.swift */,
				EE6C390A294683D5006CD2D3 /* DashboardBuilder.swift */,
				EE6C393D2946901D006CD2D3 /* DashboardViewModelImpl.swift */,
			);
			path = Dashboard;
			sourceTree = "<group>";
		};
		EE6C390D2946851D006CD2D3 /* QRCodeScanner */ = {
			isa = PBXGroup;
			children = (
				EE6C390E2946851D006CD2D3 /* UI */,
				EE6C39112946851D006CD2D3 /* QRCodeScannerBuilder.swift */,
				EE6C39122946851D006CD2D3 /* QRCodeScannerView.swift */,
				EE6C39132946851D006CD2D3 /* QRCodeScannerRouter.swift */,
				EE6C39142946851D006CD2D3 /* QRCodeScannerViewModel.swift */,
			);
			path = QRCodeScanner;
			sourceTree = "<group>";
		};
		EE6C390E2946851D006CD2D3 /* UI */ = {
			isa = PBXGroup;
			children = (
				EE6C390F2946851D006CD2D3 /* QRScannerView.swift */,
				EE6C39102946851D006CD2D3 /* CameraViewController.swift */,
			);
			path = UI;
			sourceTree = "<group>";
		};
		EE6C391B29468533006CD2D3 /* Home */ = {
			isa = PBXGroup;
			children = (
				EE6C391C29468533006CD2D3 /* UI */,
				EE6C392529468533006CD2D3 /* HomeViewModel.swift */,
				EE6C392629468533006CD2D3 /* HomeView.swift */,
				EE6C392829468533006CD2D3 /* HomeRouter.swift */,
				EE6C392929468533006CD2D3 /* HomeBuilder.swift */,
				EE6C392A29468533006CD2D3 /* HomeState.swift */,
			);
			path = Home;
			sourceTree = "<group>";
		};
		EE6C391C29468533006CD2D3 /* UI */ = {
			isa = PBXGroup;
			children = (
				EE6C38D6294625B3006CD2D3 /* ProfileHeaderView.swift */,
				EE6C392229468533006CD2D3 /* ActivityListView.swift */,
			);
			path = UI;
			sourceTree = "<group>";
		};
		EE75A2FC294A33D0007D4405 /* CredentialsList */ = {
			isa = PBXGroup;
			children = (
				EE75A2FD294A33D0007D4405 /* CredentialsListView.swift */,
				EE75A2FE294A33D0007D4405 /* CredentialsListViewModel.swift */,
				EE75A2FF294A33D0007D4405 /* CredentialsListBuilder.swift */,
				EE75A300294A33D0007D4405 /* CredentialsListRouter.swift */,
				EE75A301294A33D0007D4405 /* CredentialsListState.swift */,
			);
			path = CredentialsList;
			sourceTree = "<group>";
		};
		EE75A309294A34E1007D4405 /* CredentialDetail */ = {
			isa = PBXGroup;
			children = (
				EE75A30A294A34E1007D4405 /* CredentialDetailViewModel.swift */,
				EE75A30B294A34E1007D4405 /* CredentialDetailBuilder.swift */,
				EE75A30D294A34E1007D4405 /* CredentialDetailNeoView.swift */,
			);
			path = CredentialDetail;
			sourceTree = "<group>";
		};
		EE75A314294A7CAE007D4405 /* AddNewContact */ = {
			isa = PBXGroup;
			children = (
				EE75A315294A7CAE007D4405 /* AddNewContactView.swift */,
				EE75A316294A7CAE007D4405 /* UI */,
				EE75A31A294A7CAE007D4405 /* AddNewContactBuilder.swift */,
				EE75A31B294A7CAE007D4405 /* AddNewContactState.swift */,
				EE75A31C294A7CAE007D4405 /* AddNewContactViewModel.swift */,
			);
			path = AddNewContact;
			sourceTree = "<group>";
		};
		EE75A316294A7CAE007D4405 /* UI */ = {
			isa = PBXGroup;
			children = (
				EE75A317294A7CAE007D4405 /* AlreadyConnectedView.swift */,
				EE75A318294A7CAE007D4405 /* ConfirmConnectionView.swift */,
				EE75A319294A7CAE007D4405 /* InsertCodeView.swift */,
			);
			path = UI;
			sourceTree = "<group>";
		};
		EE75A330294A905F007D4405 /* ProofOfRequest */ = {
			isa = PBXGroup;
			children = (
				EE75A331294A905F007D4405 /* UI */,
				EE75A333294A905F007D4405 /* ProofOfRequestBuilder.swift */,
				EE75A334294A905F007D4405 /* ProofOfRequestState.swift */,
				EE75A335294A905F007D4405 /* ProofOfRequestViewModel.swift */,
				EE75A336294A905F007D4405 /* ProofOfRequestView.swift */,
			);
			path = ProofOfRequest;
			sourceTree = "<group>";
		};
		EE75A331294A905F007D4405 /* UI */ = {
			isa = PBXGroup;
			children = (
				EE75A332294A905F007D4405 /* ProofOfRequestCheckView.swift */,
			);
			path = UI;
			sourceTree = "<group>";
		};
		EEB7D32029420155006E076D /* SetupPrismAgent */ = {
			isa = PBXGroup;
			children = (
				EEB7D32129420180006E076D /* SetupPrismAgentView.swift */,
				EEB7D3232942018C006E076D /* SetupPrismAgentViewModel.swift */,
			);
			path = SetupPrismAgent;
			sourceTree = "<group>";
		};
		EEE61FAD2937CA280053AE52 = {
			isa = PBXGroup;
			children = (
				EE38134D2938D55D00A3A710 /* Packages */,
				EEE61FB82937CA280053AE52 /* AtalaPrismWalletDemo */,
				EEE61FB72937CA280053AE52 /* Products */,
				EEE61FEB2937DCBE0053AE52 /* Frameworks */,
			);
			sourceTree = "<group>";
		};
		EEE61FB72937CA280053AE52 /* Products */ = {
			isa = PBXGroup;
			children = (
				EEE61FB62937CA280053AE52 /* AtalaPrismWalletDemo.app */,
			);
			name = Products;
			sourceTree = "<group>";
		};
		EEE61FB82937CA280053AE52 /* AtalaPrismWalletDemo */ = {
			isa = PBXGroup;
			children = (
				EE6C38DD2946276F006CD2D3 /* Resources */,
				EEE620312937FF2C0053AE52 /* Info.plist */,
				EEE620112937F1C30053AE52 /* Helper */,
				EEE61FDE2937CE970053AE52 /* Modules */,
				EEE61FB92937CA280053AE52 /* AtalaPrismWalletDemoApp.swift */,
				EEE61FBB2937CA280053AE52 /* FuncionalitiesList.swift */,
				EEE61FBF2937CA2A0053AE52 /* Preview Content */,
			);
			path = AtalaPrismWalletDemo;
			sourceTree = "<group>";
		};
		EEE61FBF2937CA2A0053AE52 /* Preview Content */ = {
			isa = PBXGroup;
			children = (
				EEE61FC02937CA2A0053AE52 /* Preview Assets.xcassets */,
			);
			path = "Preview Content";
			sourceTree = "<group>";
		};
		EEE61FDE2937CE970053AE52 /* Modules */ = {
			isa = PBXGroup;
			children = (
				EE6C38CA29462474006CD2D3 /* WalletDemo */,
				EEB7D32029420155006E076D /* SetupPrismAgent */,
				EEE6202C2937FD4B0053AE52 /* AuthenticateWallet */,
				EEE620142937F2C80053AE52 /* SigningVerification */,
				EEE61FE22937D5140053AE52 /* DID */,
				EEE61FE12937D5090053AE52 /* Seed */,
			);
			path = Modules;
			sourceTree = "<group>";
		};
		EEE61FE12937D5090053AE52 /* Seed */ = {
			isa = PBXGroup;
			children = (
				EEE61FDF2937CEAA0053AE52 /* SeedViewModel.swift */,
				EEE61FDC2937CD7A0053AE52 /* SeedFuncionalitiesView.swift */,
			);
			path = Seed;
			sourceTree = "<group>";
		};
		EEE61FE22937D5140053AE52 /* DID */ = {
			isa = PBXGroup;
			children = (
				EEE61FE32937D5560053AE52 /* DIDFuncionalitiesViewModel.swift */,
				EEE61FE72937D7EE0053AE52 /* DIDFuncionalitiesView.swift */,
			);
			path = DID;
			sourceTree = "<group>";
		};
		EEE61FEB2937DCBE0053AE52 /* Frameworks */ = {
			isa = PBXGroup;
			children = (
			);
			name = Frameworks;
			sourceTree = "<group>";
		};
		EEE620112937F1C30053AE52 /* Helper */ = {
			isa = PBXGroup;
			children = (
				EEE620122937F1D40053AE52 /* PrintObjects.swift */,
				EE6C38DB294626E1006CD2D3 /* String+extensions.swift */,
				EE6C38EF29468196006CD2D3 /* DIContainer.swift */,
				EE6C39002946827B006CD2D3 /* ComponentContainer.swift */,
				EE6C390229468288006CD2D3 /* Builder.swift */,
				EE6C390429468309006CD2D3 /* LazyView.swift */,
				EE6C39062946834F006CD2D3 /* RootPresentationMode.swift */,
				EE6C393B29468614006CD2D3 /* EmptyNavigationLink.swift */,
				EE6C393F2946931E006CD2D3 /* Array+Zipped.swift */,
				EE75A2F629479488007D4405 /* FancyToast.swift */,
				EE75A2F8294794F8007D4405 /* FancyToastModifier.swift */,
			);
			path = Helper;
			sourceTree = "<group>";
		};
		EEE620142937F2C80053AE52 /* SigningVerification */ = {
			isa = PBXGroup;
			children = (
				EEE620152937F3110053AE52 /* SigningVerificationViewModel.swift */,
				EEE620172937F6870053AE52 /* SigningVerificationView.swift */,
			);
			path = SigningVerification;
			sourceTree = "<group>";
		};
		EEE6202C2937FD4B0053AE52 /* AuthenticateWallet */ = {
			isa = PBXGroup;
			children = (
				EEE6202D2937FDE50053AE52 /* AuthenticateWalletView.swift */,
				EEE6202E2937FDE50053AE52 /* AuthenticateWalletViewModel.swift */,
			);
			path = AuthenticateWallet;
			sourceTree = "<group>";
		};
/* End PBXGroup section */

/* Begin PBXNativeTarget section */
		EEE61FB52937CA280053AE52 /* AtalaPrismWalletDemo */ = {
			isa = PBXNativeTarget;
			buildConfigurationList = EEE61FC42937CA2A0053AE52 /* Build configuration list for PBXNativeTarget "AtalaPrismWalletDemo" */;
			buildPhases = (
				EEE61FB22937CA280053AE52 /* Sources */,
				EEE61FB32937CA280053AE52 /* Frameworks */,
				EEE61FB42937CA280053AE52 /* Resources */,
			);
			buildRules = (
			);
			dependencies = (
			);
			name = AtalaPrismWalletDemo;
			packageProductDependencies = (
				EE38134F2938D5B100A3A710 /* Apollo */,
				EE3813512938D5B100A3A710 /* Authenticate */,
				EE3813532938D5B100A3A710 /* Builders */,
				EE3813552938D5B100A3A710 /* Castor */,
				EE3813572938D5B100A3A710 /* Domain */,
				EE3813592938D5B100A3A710 /* Mercury */,
				EE38135B2938D5B100A3A710 /* Pluto */,
				EE38135D2938D5B100A3A710 /* Pollux */,
				EE38135F2938D5B100A3A710 /* PrismAgent */,
			);
			productName = AtalaPrismWalletDemo;
			productReference = EEE61FB62937CA280053AE52 /* AtalaPrismWalletDemo.app */;
			productType = "com.apple.product-type.application";
		};
/* End PBXNativeTarget section */

/* Begin PBXProject section */
		EEE61FAE2937CA280053AE52 /* Project object */ = {
			isa = PBXProject;
			attributes = {
				BuildIndependentTargetsInParallel = 1;
				LastSwiftUpdateCheck = 1400;
				LastUpgradeCheck = 1400;
				TargetAttributes = {
					EEE61FB52937CA280053AE52 = {
						CreatedOnToolsVersion = 14.0;
					};
				};
			};
			buildConfigurationList = EEE61FB12937CA280053AE52 /* Build configuration list for PBXProject "AtalaPrismWalletDemo" */;
			compatibilityVersion = "Xcode 14.0";
			developmentRegion = en;
			hasScannedForEncodings = 0;
			knownRegions = (
				en,
				Base,
			);
			mainGroup = EEE61FAD2937CA280053AE52;
			packageReferences = (
			);
			productRefGroup = EEE61FB72937CA280053AE52 /* Products */;
			projectDirPath = "";
			projectRoot = "";
			targets = (
				EEE61FB52937CA280053AE52 /* AtalaPrismWalletDemo */,
			);
		};
/* End PBXProject section */

/* Begin PBXResourcesBuildPhase section */
		EEE61FB42937CA280053AE52 /* Resources */ = {
			isa = PBXResourcesBuildPhase;
			buildActionMask = 2147483647;
			files = (
				EE0E1FB329473B10003CD7D5 /* SteradianMedium.otf in Resources */,
				EE0E1FB429473B10003CD7D5 /* SteradianRegular.otf in Resources */,
				EEE61FC12937CA2A0053AE52 /* Preview Assets.xcassets in Resources */,
				EE0E1FB229473B10003CD7D5 /* SteradianBold.otf in Resources */,
				EE6C38E529462822006CD2D3 /* Localizable.stringsdict in Resources */,
				EE0E1FB129473B10003CD7D5 /* Assets.xcassets in Resources */,
				EE6C38E3294627B2006CD2D3 /* Localizable.strings in Resources */,
			);
			runOnlyForDeploymentPostprocessing = 0;
		};
/* End PBXResourcesBuildPhase section */

/* Begin PBXSourcesBuildPhase section */
		EEE61FB22937CA280053AE52 /* Sources */ = {
			isa = PBXSourcesBuildPhase;
			buildActionMask = 2147483647;
			files = (
				EE75A303294A33D0007D4405 /* CredentialsListViewModel.swift in Sources */,
				EE75A2FB29487F36007D4405 /* MainViewModel.swift in Sources */,
				EE75A33D294A9172007D4405 /* CheckButton.swift in Sources */,
				EE75A323294A7CAE007D4405 /* AddNewContactViewModel.swift in Sources */,
				EEB7D3242942018C006E076D /* SetupPrismAgentViewModel.swift in Sources */,
				EEE620132937F1D40053AE52 /* PrintObjects.swift in Sources */,
				EE6C393E2946901D006CD2D3 /* DashboardViewModelImpl.swift in Sources */,
				EEE620302937FDE50053AE52 /* AuthenticateWalletViewModel.swift in Sources */,
				EE6C390529468309006CD2D3 /* LazyView.swift in Sources */,
				EE6C39172946851D006CD2D3 /* QRCodeScannerBuilder.swift in Sources */,
				EE6C39152946851D006CD2D3 /* QRScannerView.swift in Sources */,
				EEE61FE02937CEAA0053AE52 /* SeedViewModel.swift in Sources */,
				EE75A33A294A905F007D4405 /* ProofOfRequestViewModel.swift in Sources */,
				EE75A302294A33D0007D4405 /* CredentialsListView.swift in Sources */,
				EE6C393929468533006CD2D3 /* HomeState.swift in Sources */,
				EE6C38DC294626E1006CD2D3 /* String+extensions.swift in Sources */,
				EEE61FE82937D7EE0053AE52 /* DIDFuncionalitiesView.swift in Sources */,
				EEE61FBC2937CA280053AE52 /* FuncionalitiesList.swift in Sources */,
				EE75A327294A7D40007D4405 /* Button+Configuration.swift in Sources */,
				EE6C3909294683C4006CD2D3 /* DashboardRouter.swift in Sources */,
				EE75A339294A905F007D4405 /* ProofOfRequestState.swift in Sources */,
				EEE61FDD2937CD7A0053AE52 /* SeedFuncionalitiesView.swift in Sources */,
				EE75A325294A7D0F007D4405 /* AtalaButton.swift in Sources */,
				EE6C38EE29467A9D006CD2D3 /* DisablePreferenceKey.swift in Sources */,
				EE6C38E829462A6F006CD2D3 /* DashboardTabViewController.swift in Sources */,
				EE75A2F9294794F9007D4405 /* FancyToastModifier.swift in Sources */,
				EE6C393529468533006CD2D3 /* HomeView.swift in Sources */,
				EE75A321294A7CAE007D4405 /* AddNewContactBuilder.swift in Sources */,
				EE75A32B294A822C007D4405 /* ErrorDialogView.swift in Sources */,
				EE75A305294A33D0007D4405 /* CredentialsListRouter.swift in Sources */,
				EE75A31E294A7CAE007D4405 /* AlreadyConnectedView.swift in Sources */,
				EE75A337294A905F007D4405 /* ProofOfRequestCheckView.swift in Sources */,
				EE75A311294A34E1007D4405 /* CredentialDetailNeoView.swift in Sources */,
				EE75A30E294A34E1007D4405 /* CredentialDetailViewModel.swift in Sources */,
				EE6C38EC29467A7A006CD2D3 /* ClearFullCoverModifier.swift in Sources */,
				EE6C38D429462522006CD2D3 /* MainViewRouter.swift in Sources */,
				EE75A329294A7D99007D4405 /* IsLoadingEnvironmentValue.swift in Sources */,
				EE75A2F729479488007D4405 /* FancyToast.swift in Sources */,
				EE75A322294A7CAE007D4405 /* AddNewContactState.swift in Sources */,
				EE6C39162946851D006CD2D3 /* CameraViewController.swift in Sources */,
				EE6C393C29468614006CD2D3 /* EmptyNavigationLink.swift in Sources */,
				EE75A32D294A82A4007D4405 /* RoundedRectWithBorderText.swift in Sources */,
				EE6C39012946827B006CD2D3 /* ComponentContainer.swift in Sources */,
				EE6C393729468533006CD2D3 /* HomeRouter.swift in Sources */,
				EEE61FE42937D5560053AE52 /* DIDFuncionalitiesViewModel.swift in Sources */,
				EE75A30F294A34E1007D4405 /* CredentialDetailBuilder.swift in Sources */,
				EE6C38D7294625B3006CD2D3 /* ProfileHeaderView.swift in Sources */,
				EE75A31F294A7CAE007D4405 /* ConfirmConnectionView.swift in Sources */,
				EE75A31D294A7CAE007D4405 /* AddNewContactView.swift in Sources */,
				EE6C38D229462516006CD2D3 /* MainView.swift in Sources */,
				EEE6202F2937FDE50053AE52 /* AuthenticateWalletView.swift in Sources */,
				EEE620182937F6870053AE52 /* SigningVerificationView.swift in Sources */,
				EE75A313294A4A3F007D4405 /* LoadingModifier.swift in Sources */,
				EE6C391A2946851D006CD2D3 /* QRCodeScannerViewModel.swift in Sources */,
				EEE61FBA2937CA280053AE52 /* AtalaPrismWalletDemoApp.swift in Sources */,
				EE6C390B294683D5006CD2D3 /* DashboardBuilder.swift in Sources */,
				EE6C39402946931E006CD2D3 /* Array+Zipped.swift in Sources */,
				EE6C39192946851D006CD2D3 /* QRCodeScannerRouter.swift in Sources */,
				EE6C393129468533006CD2D3 /* ActivityListView.swift in Sources */,
				EE75A308294A346B007D4405 /* NavigationTypeUtilModifiers.swift in Sources */,
				EE6C390329468288006CD2D3 /* Builder.swift in Sources */,
				EE75A338294A905F007D4405 /* ProofOfRequestBuilder.swift in Sources */,
				EE6C39182946851D006CD2D3 /* QRCodeScannerView.swift in Sources */,
				EE6C38EA29467A36006CD2D3 /* DashboardView.swift in Sources */,
				EE75A320294A7CAE007D4405 /* InsertCodeView.swift in Sources */,
				EE6C38DA29462659006CD2D3 /* SpecificRoundedRect.swift in Sources */,
				EE6C393429468533006CD2D3 /* HomeViewModel.swift in Sources */,
				EE75A304294A33D0007D4405 /* CredentialsListBuilder.swift in Sources */,
				EEB7D32229420180006E076D /* SetupPrismAgentView.swift in Sources */,
				EE6C38F029468196006CD2D3 /* DIContainer.swift in Sources */,
				EE75A306294A33D0007D4405 /* CredentialsListState.swift in Sources */,
				EE75A33B294A905F007D4405 /* ProofOfRequestView.swift in Sources */,
				EE6C393829468533006CD2D3 /* HomeBuilder.swift in Sources */,
				EE75A32F294A8D55007D4405 /* DisplayErrorState.swift in Sources */,
				EEE620162937F3110053AE52 /* SigningVerificationViewModel.swift in Sources */,
				EE6C39072946834F006CD2D3 /* RootPresentationMode.swift in Sources */,
			);
			runOnlyForDeploymentPostprocessing = 0;
		};
/* End PBXSourcesBuildPhase section */

/* Begin XCBuildConfiguration section */
		EEE61FC22937CA2A0053AE52 /* Debug */ = {
			isa = XCBuildConfiguration;
			buildSettings = {
				ALWAYS_SEARCH_USER_PATHS = NO;
				CLANG_ANALYZER_NONNULL = YES;
				CLANG_ANALYZER_NUMBER_OBJECT_CONVERSION = YES_AGGRESSIVE;
				CLANG_CXX_LANGUAGE_STANDARD = "gnu++20";
				CLANG_ENABLE_MODULES = YES;
				CLANG_ENABLE_OBJC_ARC = YES;
				CLANG_ENABLE_OBJC_WEAK = YES;
				CLANG_WARN_BLOCK_CAPTURE_AUTORELEASING = YES;
				CLANG_WARN_BOOL_CONVERSION = YES;
				CLANG_WARN_COMMA = YES;
				CLANG_WARN_CONSTANT_CONVERSION = YES;
				CLANG_WARN_DEPRECATED_OBJC_IMPLEMENTATIONS = YES;
				CLANG_WARN_DIRECT_OBJC_ISA_USAGE = YES_ERROR;
				CLANG_WARN_DOCUMENTATION_COMMENTS = YES;
				CLANG_WARN_EMPTY_BODY = YES;
				CLANG_WARN_ENUM_CONVERSION = YES;
				CLANG_WARN_INFINITE_RECURSION = YES;
				CLANG_WARN_INT_CONVERSION = YES;
				CLANG_WARN_NON_LITERAL_NULL_CONVERSION = YES;
				CLANG_WARN_OBJC_IMPLICIT_RETAIN_SELF = YES;
				CLANG_WARN_OBJC_LITERAL_CONVERSION = YES;
				CLANG_WARN_OBJC_ROOT_CLASS = YES_ERROR;
				CLANG_WARN_QUOTED_INCLUDE_IN_FRAMEWORK_HEADER = YES;
				CLANG_WARN_RANGE_LOOP_ANALYSIS = YES;
				CLANG_WARN_STRICT_PROTOTYPES = YES;
				CLANG_WARN_SUSPICIOUS_MOVE = YES;
				CLANG_WARN_UNGUARDED_AVAILABILITY = YES_AGGRESSIVE;
				CLANG_WARN_UNREACHABLE_CODE = YES;
				CLANG_WARN__DUPLICATE_METHOD_MATCH = YES;
				COPY_PHASE_STRIP = NO;
				DEBUG_INFORMATION_FORMAT = dwarf;
				ENABLE_STRICT_OBJC_MSGSEND = YES;
				ENABLE_TESTABILITY = YES;
				GCC_C_LANGUAGE_STANDARD = gnu11;
				GCC_DYNAMIC_NO_PIC = NO;
				GCC_NO_COMMON_BLOCKS = YES;
				GCC_OPTIMIZATION_LEVEL = 0;
				GCC_PREPROCESSOR_DEFINITIONS = (
					"DEBUG=1",
					"$(inherited)",
				);
				GCC_WARN_64_TO_32_BIT_CONVERSION = YES;
				GCC_WARN_ABOUT_RETURN_TYPE = YES_ERROR;
				GCC_WARN_UNDECLARED_SELECTOR = YES;
				GCC_WARN_UNINITIALIZED_AUTOS = YES_AGGRESSIVE;
				GCC_WARN_UNUSED_FUNCTION = YES;
				GCC_WARN_UNUSED_VARIABLE = YES;
				IPHONEOS_DEPLOYMENT_TARGET = 16.0;
				MTL_ENABLE_DEBUG_INFO = INCLUDE_SOURCE;
				MTL_FAST_MATH = YES;
				ONLY_ACTIVE_ARCH = YES;
				SDKROOT = iphoneos;
				SWIFT_ACTIVE_COMPILATION_CONDITIONS = DEBUG;
				SWIFT_OPTIMIZATION_LEVEL = "-Onone";
			};
			name = Debug;
		};
		EEE61FC32937CA2A0053AE52 /* Release */ = {
			isa = XCBuildConfiguration;
			buildSettings = {
				ALWAYS_SEARCH_USER_PATHS = NO;
				CLANG_ANALYZER_NONNULL = YES;
				CLANG_ANALYZER_NUMBER_OBJECT_CONVERSION = YES_AGGRESSIVE;
				CLANG_CXX_LANGUAGE_STANDARD = "gnu++20";
				CLANG_ENABLE_MODULES = YES;
				CLANG_ENABLE_OBJC_ARC = YES;
				CLANG_ENABLE_OBJC_WEAK = YES;
				CLANG_WARN_BLOCK_CAPTURE_AUTORELEASING = YES;
				CLANG_WARN_BOOL_CONVERSION = YES;
				CLANG_WARN_COMMA = YES;
				CLANG_WARN_CONSTANT_CONVERSION = YES;
				CLANG_WARN_DEPRECATED_OBJC_IMPLEMENTATIONS = YES;
				CLANG_WARN_DIRECT_OBJC_ISA_USAGE = YES_ERROR;
				CLANG_WARN_DOCUMENTATION_COMMENTS = YES;
				CLANG_WARN_EMPTY_BODY = YES;
				CLANG_WARN_ENUM_CONVERSION = YES;
				CLANG_WARN_INFINITE_RECURSION = YES;
				CLANG_WARN_INT_CONVERSION = YES;
				CLANG_WARN_NON_LITERAL_NULL_CONVERSION = YES;
				CLANG_WARN_OBJC_IMPLICIT_RETAIN_SELF = YES;
				CLANG_WARN_OBJC_LITERAL_CONVERSION = YES;
				CLANG_WARN_OBJC_ROOT_CLASS = YES_ERROR;
				CLANG_WARN_QUOTED_INCLUDE_IN_FRAMEWORK_HEADER = YES;
				CLANG_WARN_RANGE_LOOP_ANALYSIS = YES;
				CLANG_WARN_STRICT_PROTOTYPES = YES;
				CLANG_WARN_SUSPICIOUS_MOVE = YES;
				CLANG_WARN_UNGUARDED_AVAILABILITY = YES_AGGRESSIVE;
				CLANG_WARN_UNREACHABLE_CODE = YES;
				CLANG_WARN__DUPLICATE_METHOD_MATCH = YES;
				COPY_PHASE_STRIP = NO;
				DEBUG_INFORMATION_FORMAT = "dwarf-with-dsym";
				ENABLE_NS_ASSERTIONS = NO;
				ENABLE_STRICT_OBJC_MSGSEND = YES;
				GCC_C_LANGUAGE_STANDARD = gnu11;
				GCC_NO_COMMON_BLOCKS = YES;
				GCC_WARN_64_TO_32_BIT_CONVERSION = YES;
				GCC_WARN_ABOUT_RETURN_TYPE = YES_ERROR;
				GCC_WARN_UNDECLARED_SELECTOR = YES;
				GCC_WARN_UNINITIALIZED_AUTOS = YES_AGGRESSIVE;
				GCC_WARN_UNUSED_FUNCTION = YES;
				GCC_WARN_UNUSED_VARIABLE = YES;
				IPHONEOS_DEPLOYMENT_TARGET = 16.0;
				MTL_ENABLE_DEBUG_INFO = NO;
				MTL_FAST_MATH = YES;
				SDKROOT = iphoneos;
				SWIFT_COMPILATION_MODE = wholemodule;
				SWIFT_OPTIMIZATION_LEVEL = "-O";
				VALIDATE_PRODUCT = YES;
			};
			name = Release;
		};
		EEE61FC52937CA2A0053AE52 /* Debug */ = {
			isa = XCBuildConfiguration;
			buildSettings = {
				ASSETCATALOG_COMPILER_APPICON_NAME = AppIcon;
				ASSETCATALOG_COMPILER_GLOBAL_ACCENT_COLOR_NAME = AccentColor;
				CODE_SIGN_STYLE = Automatic;
				CURRENT_PROJECT_VERSION = 1;
				DEVELOPMENT_ASSET_PATHS = "\"AtalaPrismWalletDemo/Preview Content\"";
				DEVELOPMENT_TEAM = 89TW38X994;
				ENABLE_PREVIEWS = YES;
				GENERATE_INFOPLIST_FILE = YES;
				INFOPLIST_FILE = AtalaPrismWalletDemo/Info.plist;
				INFOPLIST_KEY_NSCameraUsageDescription = NSCameraUsageDescription;
				INFOPLIST_KEY_UIApplicationSceneManifest_Generation = YES;
				INFOPLIST_KEY_UIApplicationSupportsIndirectInputEvents = YES;
				INFOPLIST_KEY_UILaunchScreen_Generation = YES;
				INFOPLIST_KEY_UISupportedInterfaceOrientations_iPad = "UIInterfaceOrientationPortrait UIInterfaceOrientationPortraitUpsideDown UIInterfaceOrientationLandscapeLeft UIInterfaceOrientationLandscapeRight";
				INFOPLIST_KEY_UISupportedInterfaceOrientations_iPhone = "UIInterfaceOrientationPortrait UIInterfaceOrientationLandscapeLeft UIInterfaceOrientationLandscapeRight";
				LD_RUNPATH_SEARCH_PATHS = (
					"$(inherited)",
					"@executable_path/Frameworks",
				);
				MARKETING_VERSION = 1.0;
				PRODUCT_BUNDLE_IDENTIFIER = io.atala.prism.demo.wallet.AtalaPrismWalletDemo;
				PRODUCT_NAME = "$(TARGET_NAME)";
				SWIFT_EMIT_LOC_STRINGS = YES;
				SWIFT_VERSION = 5.0;
				TARGETED_DEVICE_FAMILY = "1,2";
			};
			name = Debug;
		};
		EEE61FC62937CA2A0053AE52 /* Release */ = {
			isa = XCBuildConfiguration;
			buildSettings = {
				ASSETCATALOG_COMPILER_APPICON_NAME = AppIcon;
				ASSETCATALOG_COMPILER_GLOBAL_ACCENT_COLOR_NAME = AccentColor;
				CODE_SIGN_STYLE = Automatic;
				CURRENT_PROJECT_VERSION = 1;
				DEVELOPMENT_ASSET_PATHS = "\"AtalaPrismWalletDemo/Preview Content\"";
				DEVELOPMENT_TEAM = 89TW38X994;
				ENABLE_PREVIEWS = YES;
				GENERATE_INFOPLIST_FILE = YES;
				INFOPLIST_FILE = AtalaPrismWalletDemo/Info.plist;
				INFOPLIST_KEY_NSCameraUsageDescription = NSCameraUsageDescription;
				INFOPLIST_KEY_UIApplicationSceneManifest_Generation = YES;
				INFOPLIST_KEY_UIApplicationSupportsIndirectInputEvents = YES;
				INFOPLIST_KEY_UILaunchScreen_Generation = YES;
				INFOPLIST_KEY_UISupportedInterfaceOrientations_iPad = "UIInterfaceOrientationPortrait UIInterfaceOrientationPortraitUpsideDown UIInterfaceOrientationLandscapeLeft UIInterfaceOrientationLandscapeRight";
				INFOPLIST_KEY_UISupportedInterfaceOrientations_iPhone = "UIInterfaceOrientationPortrait UIInterfaceOrientationLandscapeLeft UIInterfaceOrientationLandscapeRight";
				LD_RUNPATH_SEARCH_PATHS = (
					"$(inherited)",
					"@executable_path/Frameworks",
				);
				MARKETING_VERSION = 1.0;
				PRODUCT_BUNDLE_IDENTIFIER = io.atala.prism.demo.wallet.AtalaPrismWalletDemo;
				PRODUCT_NAME = "$(TARGET_NAME)";
				SWIFT_EMIT_LOC_STRINGS = YES;
				SWIFT_VERSION = 5.0;
				TARGETED_DEVICE_FAMILY = "1,2";
			};
			name = Release;
		};
/* End XCBuildConfiguration section */

/* Begin XCConfigurationList section */
		EEE61FB12937CA280053AE52 /* Build configuration list for PBXProject "AtalaPrismWalletDemo" */ = {
			isa = XCConfigurationList;
			buildConfigurations = (
				EEE61FC22937CA2A0053AE52 /* Debug */,
				EEE61FC32937CA2A0053AE52 /* Release */,
			);
			defaultConfigurationIsVisible = 0;
			defaultConfigurationName = Release;
		};
		EEE61FC42937CA2A0053AE52 /* Build configuration list for PBXNativeTarget "AtalaPrismWalletDemo" */ = {
			isa = XCConfigurationList;
			buildConfigurations = (
				EEE61FC52937CA2A0053AE52 /* Debug */,
				EEE61FC62937CA2A0053AE52 /* Release */,
			);
			defaultConfigurationIsVisible = 0;
			defaultConfigurationName = Release;
		};
/* End XCConfigurationList section */

/* Begin XCSwiftPackageProductDependency section */
		EE38134F2938D5B100A3A710 /* Apollo */ = {
			isa = XCSwiftPackageProductDependency;
			productName = Apollo;
		};
		EE3813512938D5B100A3A710 /* Authenticate */ = {
			isa = XCSwiftPackageProductDependency;
			productName = Authenticate;
		};
		EE3813532938D5B100A3A710 /* Builders */ = {
			isa = XCSwiftPackageProductDependency;
			productName = Builders;
		};
		EE3813552938D5B100A3A710 /* Castor */ = {
			isa = XCSwiftPackageProductDependency;
			productName = Castor;
		};
		EE3813572938D5B100A3A710 /* Domain */ = {
			isa = XCSwiftPackageProductDependency;
			productName = Domain;
		};
		EE3813592938D5B100A3A710 /* Mercury */ = {
			isa = XCSwiftPackageProductDependency;
			productName = Mercury;
		};
		EE38135B2938D5B100A3A710 /* Pluto */ = {
			isa = XCSwiftPackageProductDependency;
			productName = Pluto;
		};
		EE38135D2938D5B100A3A710 /* Pollux */ = {
			isa = XCSwiftPackageProductDependency;
			productName = Pollux;
		};
		EE38135F2938D5B100A3A710 /* PrismAgent */ = {
			isa = XCSwiftPackageProductDependency;
			productName = PrismAgent;
		};
/* End XCSwiftPackageProductDependency section */
	};
	rootObject = EEE61FAE2937CA280053AE52 /* Project object */;
}
